// !$*UTF8*$!
{
	archiveVersion = 1;
	classes = {
	};
	objectVersion = 46;
	objects = {

/* Begin PBXBuildFile section */
		3B6099801D1FCB6700BBA9E8 /* AppDelegate.swift in Sources */ = {isa = PBXBuildFile; fileRef = 3B60997F1D1FCB6700BBA9E8 /* AppDelegate.swift */; };
		3B6099821D1FCB6700BBA9E8 /* MapViewController.swift in Sources */ = {isa = PBXBuildFile; fileRef = 3B6099811D1FCB6700BBA9E8 /* MapViewController.swift */; };
		3B6099841D1FCB6700BBA9E8 /* SecondViewController.swift in Sources */ = {isa = PBXBuildFile; fileRef = 3B6099831D1FCB6700BBA9E8 /* SecondViewController.swift */; };
		3B6099871D1FCB6700BBA9E8 /* Main.storyboard in Resources */ = {isa = PBXBuildFile; fileRef = 3B6099851D1FCB6700BBA9E8 /* Main.storyboard */; };
		3B6099891D1FCB6700BBA9E8 /* Assets.xcassets in Resources */ = {isa = PBXBuildFile; fileRef = 3B6099881D1FCB6700BBA9E8 /* Assets.xcassets */; };
		3B60998C1D1FCB6700BBA9E8 /* LaunchScreen.storyboard in Resources */ = {isa = PBXBuildFile; fileRef = 3B60998A1D1FCB6700BBA9E8 /* LaunchScreen.storyboard */; };
		3B6099971D1FCB6700BBA9E8 /* TimeTravellerMapTests.swift in Sources */ = {isa = PBXBuildFile; fileRef = 3B6099961D1FCB6700BBA9E8 /* TimeTravellerMapTests.swift */; };
		3B6099A21D1FCB6700BBA9E8 /* TimeTravellerMapUITests.swift in Sources */ = {isa = PBXBuildFile; fileRef = 3B6099A11D1FCB6700BBA9E8 /* TimeTravellerMapUITests.swift */; };
		3B6099B01D1FDC0700BBA9E8 /* SearchLocationsTableViewController.swift in Sources */ = {isa = PBXBuildFile; fileRef = 3B6099AF1D1FDC0700BBA9E8 /* SearchLocationsTableViewController.swift */; };
/* End PBXBuildFile section */

/* Begin PBXContainerItemProxy section */
		3B6099931D1FCB6700BBA9E8 /* PBXContainerItemProxy */ = {
			isa = PBXContainerItemProxy;
			containerPortal = 3B6099741D1FCB6700BBA9E8 /* Project object */;
			proxyType = 1;
			remoteGlobalIDString = 3B60997B1D1FCB6700BBA9E8;
			remoteInfo = TimeTravellerMap;
		};
		3B60999E1D1FCB6700BBA9E8 /* PBXContainerItemProxy */ = {
			isa = PBXContainerItemProxy;
			containerPortal = 3B6099741D1FCB6700BBA9E8 /* Project object */;
			proxyType = 1;
			remoteGlobalIDString = 3B60997B1D1FCB6700BBA9E8;
			remoteInfo = TimeTravellerMap;
		};
/* End PBXContainerItemProxy section */

/* Begin PBXFileReference section */
		3B60997C1D1FCB6700BBA9E8 /* TimeTravellerMap.app */ = {isa = PBXFileReference; explicitFileType = wrapper.application; includeInIndex = 0; path = TimeTravellerMap.app; sourceTree = BUILT_PRODUCTS_DIR; };
		3B60997F1D1FCB6700BBA9E8 /* AppDelegate.swift */ = {isa = PBXFileReference; lastKnownFileType = sourcecode.swift; path = AppDelegate.swift; sourceTree = "<group>"; };
		3B6099811D1FCB6700BBA9E8 /* MapViewController.swift */ = {isa = PBXFileReference; lastKnownFileType = sourcecode.swift; path = MapViewController.swift; sourceTree = "<group>"; };
		3B6099831D1FCB6700BBA9E8 /* SecondViewController.swift */ = {isa = PBXFileReference; lastKnownFileType = sourcecode.swift; path = SecondViewController.swift; sourceTree = "<group>"; };
		3B6099861D1FCB6700BBA9E8 /* Base */ = {isa = PBXFileReference; lastKnownFileType = file.storyboard; name = Base; path = Base.lproj/Main.storyboard; sourceTree = "<group>"; };
		3B6099881D1FCB6700BBA9E8 /* Assets.xcassets */ = {isa = PBXFileReference; lastKnownFileType = folder.assetcatalog; path = Assets.xcassets; sourceTree = "<group>"; };
		3B60998B1D1FCB6700BBA9E8 /* Base */ = {isa = PBXFileReference; lastKnownFileType = file.storyboard; name = Base; path = Base.lproj/LaunchScreen.storyboard; sourceTree = "<group>"; };
		3B60998D1D1FCB6700BBA9E8 /* Info.plist */ = {isa = PBXFileReference; lastKnownFileType = text.plist.xml; path = Info.plist; sourceTree = "<group>"; };
		3B6099921D1FCB6700BBA9E8 /* TimeTravellerMapTests.xctest */ = {isa = PBXFileReference; explicitFileType = wrapper.cfbundle; includeInIndex = 0; path = TimeTravellerMapTests.xctest; sourceTree = BUILT_PRODUCTS_DIR; };
		3B6099961D1FCB6700BBA9E8 /* TimeTravellerMapTests.swift */ = {isa = PBXFileReference; lastKnownFileType = sourcecode.swift; path = TimeTravellerMapTests.swift; sourceTree = "<group>"; };
		3B6099981D1FCB6700BBA9E8 /* Info.plist */ = {isa = PBXFileReference; lastKnownFileType = text.plist.xml; path = Info.plist; sourceTree = "<group>"; };
		3B60999D1D1FCB6700BBA9E8 /* TimeTravellerMapUITests.xctest */ = {isa = PBXFileReference; explicitFileType = wrapper.cfbundle; includeInIndex = 0; path = TimeTravellerMapUITests.xctest; sourceTree = BUILT_PRODUCTS_DIR; };
		3B6099A11D1FCB6700BBA9E8 /* TimeTravellerMapUITests.swift */ = {isa = PBXFileReference; lastKnownFileType = sourcecode.swift; path = TimeTravellerMapUITests.swift; sourceTree = "<group>"; };
		3B6099A31D1FCB6700BBA9E8 /* Info.plist */ = {isa = PBXFileReference; lastKnownFileType = text.plist.xml; path = Info.plist; sourceTree = "<group>"; };
		3B6099AF1D1FDC0700BBA9E8 /* SearchLocationsTableViewController.swift */ = {isa = PBXFileReference; fileEncoding = 4; lastKnownFileType = sourcecode.swift; path = SearchLocationsTableViewController.swift; sourceTree = "<group>"; };
/* End PBXFileReference section */

/* Begin PBXFrameworksBuildPhase section */
		3B6099791D1FCB6700BBA9E8 /* Frameworks */ = {
			isa = PBXFrameworksBuildPhase;
			buildActionMask = 2147483647;
			files = (
			);
			runOnlyForDeploymentPostprocessing = 0;
		};
		3B60998F1D1FCB6700BBA9E8 /* Frameworks */ = {
			isa = PBXFrameworksBuildPhase;
			buildActionMask = 2147483647;
			files = (
			);
			runOnlyForDeploymentPostprocessing = 0;
		};
		3B60999A1D1FCB6700BBA9E8 /* Frameworks */ = {
			isa = PBXFrameworksBuildPhase;
			buildActionMask = 2147483647;
			files = (
			);
			runOnlyForDeploymentPostprocessing = 0;
		};
/* End PBXFrameworksBuildPhase section */

/* Begin PBXGroup section */
		3B6099731D1FCB6700BBA9E8 = {
			isa = PBXGroup;
			children = (
				3B60997E1D1FCB6700BBA9E8 /* TimeTravellerMap */,
				3B6099951D1FCB6700BBA9E8 /* TimeTravellerMapTests */,
				3B6099A01D1FCB6700BBA9E8 /* TimeTravellerMapUITests */,
				3B60997D1D1FCB6700BBA9E8 /* Products */,
			);
			sourceTree = "<group>";
		};
		3B60997D1D1FCB6700BBA9E8 /* Products */ = {
			isa = PBXGroup;
			children = (
				3B60997C1D1FCB6700BBA9E8 /* TimeTravellerMap.app */,
				3B6099921D1FCB6700BBA9E8 /* TimeTravellerMapTests.xctest */,
				3B60999D1D1FCB6700BBA9E8 /* TimeTravellerMapUITests.xctest */,
			);
			name = Products;
			sourceTree = "<group>";
		};
		3B60997E1D1FCB6700BBA9E8 /* TimeTravellerMap */ = {
			isa = PBXGroup;
			children = (
				3B60997F1D1FCB6700BBA9E8 /* AppDelegate.swift */,
				3B6099811D1FCB6700BBA9E8 /* MapViewController.swift */,
				3B6099831D1FCB6700BBA9E8 /* SecondViewController.swift */,
				3B6099851D1FCB6700BBA9E8 /* Main.storyboard */,
				3B6099881D1FCB6700BBA9E8 /* Assets.xcassets */,
				3B60998A1D1FCB6700BBA9E8 /* LaunchScreen.storyboard */,
				3B60998D1D1FCB6700BBA9E8 /* Info.plist */,
				3B6099AF1D1FDC0700BBA9E8 /* SearchLocationsTableViewController.swift */,
			);
			path = TimeTravellerMap;
			sourceTree = "<group>";
		};
		3B6099951D1FCB6700BBA9E8 /* TimeTravellerMapTests */ = {
			isa = PBXGroup;
			children = (
				3B6099961D1FCB6700BBA9E8 /* TimeTravellerMapTests.swift */,
				3B6099981D1FCB6700BBA9E8 /* Info.plist */,
			);
			path = TimeTravellerMapTests;
			sourceTree = "<group>";
		};
		3B6099A01D1FCB6700BBA9E8 /* TimeTravellerMapUITests */ = {
			isa = PBXGroup;
			children = (
				3B6099A11D1FCB6700BBA9E8 /* TimeTravellerMapUITests.swift */,
				3B6099A31D1FCB6700BBA9E8 /* Info.plist */,
			);
			path = TimeTravellerMapUITests;
			sourceTree = "<group>";
		};
/* End PBXGroup section */

/* Begin PBXNativeTarget section */
		3B60997B1D1FCB6700BBA9E8 /* TimeTravellerMap */ = {
			isa = PBXNativeTarget;
			buildConfigurationList = 3B6099A61D1FCB6700BBA9E8 /* Build configuration list for PBXNativeTarget "TimeTravellerMap" */;
			buildPhases = (
				3B6099781D1FCB6700BBA9E8 /* Sources */,
				3B6099791D1FCB6700BBA9E8 /* Frameworks */,
				3B60997A1D1FCB6700BBA9E8 /* Resources */,
			);
			buildRules = (
			);
			dependencies = (
			);
			name = TimeTravellerMap;
			productName = TimeTravellerMap;
			productReference = 3B60997C1D1FCB6700BBA9E8 /* TimeTravellerMap.app */;
			productType = "com.apple.product-type.application";
		};
		3B6099911D1FCB6700BBA9E8 /* TimeTravellerMapTests */ = {
			isa = PBXNativeTarget;
			buildConfigurationList = 3B6099A91D1FCB6700BBA9E8 /* Build configuration list for PBXNativeTarget "TimeTravellerMapTests" */;
			buildPhases = (
				3B60998E1D1FCB6700BBA9E8 /* Sources */,
				3B60998F1D1FCB6700BBA9E8 /* Frameworks */,
				3B6099901D1FCB6700BBA9E8 /* Resources */,
			);
			buildRules = (
			);
			dependencies = (
				3B6099941D1FCB6700BBA9E8 /* PBXTargetDependency */,
			);
			name = TimeTravellerMapTests;
			productName = TimeTravellerMapTests;
			productReference = 3B6099921D1FCB6700BBA9E8 /* TimeTravellerMapTests.xctest */;
			productType = "com.apple.product-type.bundle.unit-test";
		};
		3B60999C1D1FCB6700BBA9E8 /* TimeTravellerMapUITests */ = {
			isa = PBXNativeTarget;
			buildConfigurationList = 3B6099AC1D1FCB6700BBA9E8 /* Build configuration list for PBXNativeTarget "TimeTravellerMapUITests" */;
			buildPhases = (
				3B6099991D1FCB6700BBA9E8 /* Sources */,
				3B60999A1D1FCB6700BBA9E8 /* Frameworks */,
				3B60999B1D1FCB6700BBA9E8 /* Resources */,
			);
			buildRules = (
			);
			dependencies = (
				3B60999F1D1FCB6700BBA9E8 /* PBXTargetDependency */,
			);
			name = TimeTravellerMapUITests;
			productName = TimeTravellerMapUITests;
			productReference = 3B60999D1D1FCB6700BBA9E8 /* TimeTravellerMapUITests.xctest */;
			productType = "com.apple.product-type.bundle.ui-testing";
		};
/* End PBXNativeTarget section */

/* Begin PBXProject section */
		3B6099741D1FCB6700BBA9E8 /* Project object */ = {
			isa = PBXProject;
			attributes = {
				LastSwiftUpdateCheck = 0730;
				LastUpgradeCheck = 0730;
				ORGANIZATIONNAME = "Lingxin Gu";
				TargetAttributes = {
					3B60997B1D1FCB6700BBA9E8 = {
						CreatedOnToolsVersion = 7.3;
						DevelopmentTeam = 766FSCE8A7;
					};
					3B6099911D1FCB6700BBA9E8 = {
						CreatedOnToolsVersion = 7.3;
						DevelopmentTeam = 766FSCE8A7;
						TestTargetID = 3B60997B1D1FCB6700BBA9E8;
					};
					3B60999C1D1FCB6700BBA9E8 = {
						CreatedOnToolsVersion = 7.3;
						DevelopmentTeam = 766FSCE8A7;
						TestTargetID = 3B60997B1D1FCB6700BBA9E8;
					};
				};
			};
			buildConfigurationList = 3B6099771D1FCB6700BBA9E8 /* Build configuration list for PBXProject "TimeTravellerMap" */;
			compatibilityVersion = "Xcode 3.2";
			developmentRegion = English;
			hasScannedForEncodings = 0;
			knownRegions = (
				en,
				Base,
			);
			mainGroup = 3B6099731D1FCB6700BBA9E8;
			productRefGroup = 3B60997D1D1FCB6700BBA9E8 /* Products */;
			projectDirPath = "";
			projectRoot = "";
			targets = (
				3B60997B1D1FCB6700BBA9E8 /* TimeTravellerMap */,
				3B6099911D1FCB6700BBA9E8 /* TimeTravellerMapTests */,
				3B60999C1D1FCB6700BBA9E8 /* TimeTravellerMapUITests */,
			);
		};
/* End PBXProject section */

/* Begin PBXResourcesBuildPhase section */
		3B60997A1D1FCB6700BBA9E8 /* Resources */ = {
			isa = PBXResourcesBuildPhase;
			buildActionMask = 2147483647;
			files = (
				3B60998C1D1FCB6700BBA9E8 /* LaunchScreen.storyboard in Resources */,
				3B6099891D1FCB6700BBA9E8 /* Assets.xcassets in Resources */,
				3B6099871D1FCB6700BBA9E8 /* Main.storyboard in Resources */,
			);
			runOnlyForDeploymentPostprocessing = 0;
		};
		3B6099901D1FCB6700BBA9E8 /* Resources */ = {
			isa = PBXResourcesBuildPhase;
			buildActionMask = 2147483647;
			files = (
			);
			runOnlyForDeploymentPostprocessing = 0;
		};
		3B60999B1D1FCB6700BBA9E8 /* Resources */ = {
			isa = PBXResourcesBuildPhase;
			buildActionMask = 2147483647;
			files = (
			);
			runOnlyForDeploymentPostprocessing = 0;
		};
/* End PBXResourcesBuildPhase section */

/* Begin PBXSourcesBuildPhase section */
		3B6099781D1FCB6700BBA9E8 /* Sources */ = {
			isa = PBXSourcesBuildPhase;
			buildActionMask = 2147483647;
			files = (
				3B6099B01D1FDC0700BBA9E8 /* SearchLocationsTableViewController.swift in Sources */,
				3B6099841D1FCB6700BBA9E8 /* SecondViewController.swift in Sources */,
				3B6099801D1FCB6700BBA9E8 /* AppDelegate.swift in Sources */,
				3B6099821D1FCB6700BBA9E8 /* MapViewController.swift in Sources */,
			);
			runOnlyForDeploymentPostprocessing = 0;
		};
		3B60998E1D1FCB6700BBA9E8 /* Sources */ = {
			isa = PBXSourcesBuildPhase;
			buildActionMask = 2147483647;
			files = (
				3B6099971D1FCB6700BBA9E8 /* TimeTravellerMapTests.swift in Sources */,
			);
			runOnlyForDeploymentPostprocessing = 0;
		};
		3B6099991D1FCB6700BBA9E8 /* Sources */ = {
			isa = PBXSourcesBuildPhase;
			buildActionMask = 2147483647;
			files = (
				3B6099A21D1FCB6700BBA9E8 /* TimeTravellerMapUITests.swift in Sources */,
			);
			runOnlyForDeploymentPostprocessing = 0;
		};
/* End PBXSourcesBuildPhase section */

/* Begin PBXTargetDependency section */
		3B6099941D1FCB6700BBA9E8 /* PBXTargetDependency */ = {
			isa = PBXTargetDependency;
			target = 3B60997B1D1FCB6700BBA9E8 /* TimeTravellerMap */;
			targetProxy = 3B6099931D1FCB6700BBA9E8 /* PBXContainerItemProxy */;
		};
		3B60999F1D1FCB6700BBA9E8 /* PBXTargetDependency */ = {
			isa = PBXTargetDependency;
			target = 3B60997B1D1FCB6700BBA9E8 /* TimeTravellerMap */;
			targetProxy = 3B60999E1D1FCB6700BBA9E8 /* PBXContainerItemProxy */;
		};
/* End PBXTargetDependency section */

/* Begin PBXVariantGroup section */
		3B6099851D1FCB6700BBA9E8 /* Main.storyboard */ = {
			isa = PBXVariantGroup;
			children = (
				3B6099861D1FCB6700BBA9E8 /* Base */,
			);
			name = Main.storyboard;
			sourceTree = "<group>";
		};
		3B60998A1D1FCB6700BBA9E8 /* LaunchScreen.storyboard */ = {
			isa = PBXVariantGroup;
			children = (
				3B60998B1D1FCB6700BBA9E8 /* Base */,
			);
			name = LaunchScreen.storyboard;
			sourceTree = "<group>";
		};
/* End PBXVariantGroup section */

/* Begin XCBuildConfiguration section */
		3B6099A41D1FCB6700BBA9E8 /* Debug */ = {
			isa = XCBuildConfiguration;
			buildSettings = {
				ALWAYS_SEARCH_USER_PATHS = NO;
				CLANG_ANALYZER_NONNULL = YES;
				CLANG_CXX_LANGUAGE_STANDARD = "gnu++0x";
				CLANG_CXX_LIBRARY = "libc++";
				CLANG_ENABLE_MODULES = YES;
				CLANG_ENABLE_OBJC_ARC = YES;
				CLANG_WARN_BOOL_CONVERSION = YES;
				CLANG_WARN_CONSTANT_CONVERSION = YES;
				CLANG_WARN_DIRECT_OBJC_ISA_USAGE = YES_ERROR;
				CLANG_WARN_EMPTY_BODY = YES;
				CLANG_WARN_ENUM_CONVERSION = YES;
				CLANG_WARN_INT_CONVERSION = YES;
				CLANG_WARN_OBJC_ROOT_CLASS = YES_ERROR;
				CLANG_WARN_UNREACHABLE_CODE = YES;
				CLANG_WARN__DUPLICATE_METHOD_MATCH = YES;
				"CODE_SIGN_IDENTITY[sdk=iphoneos*]" = "iPhone Developer";
				COPY_PHASE_STRIP = NO;
				DEBUG_INFORMATION_FORMAT = dwarf;
				ENABLE_STRICT_OBJC_MSGSEND = YES;
				ENABLE_TESTABILITY = YES;
				GCC_C_LANGUAGE_STANDARD = gnu99;
				GCC_DYNAMIC_NO_PIC = NO;
				GCC_NO_COMMON_BLOCKS = YES;
				GCC_OPTIMIZATION_LEVEL = 0;
				GCC_PREPROCESSOR_DEFINITIONS = (
					"DEBUG=1",
					"$(inherited)",
				);
				GCC_WARN_64_TO_32_BIT_CONVERSION = YES;
				GCC_WARN_ABOUT_RETURN_TYPE = YES_ERROR;
				GCC_WARN_UNDECLARED_SELECTOR = YES;
				GCC_WARN_UNINITIALIZED_AUTOS = YES_AGGRESSIVE;
				GCC_WARN_UNUSED_FUNCTION = YES;
				GCC_WARN_UNUSED_VARIABLE = YES;
				IPHONEOS_DEPLOYMENT_TARGET = 9.3;
				MTL_ENABLE_DEBUG_INFO = YES;
				ONLY_ACTIVE_ARCH = YES;
				SDKROOT = iphoneos;
				SWIFT_OPTIMIZATION_LEVEL = "-Onone";
				TARGETED_DEVICE_FAMILY = "1,2";
			};
			name = Debug;
		};
		3B6099A51D1FCB6700BBA9E8 /* Release */ = {
			isa = XCBuildConfiguration;
			buildSettings = {
				ALWAYS_SEARCH_USER_PATHS = NO;
				CLANG_ANALYZER_NONNULL = YES;
				CLANG_CXX_LANGUAGE_STANDARD = "gnu++0x";
				CLANG_CXX_LIBRARY = "libc++";
				CLANG_ENABLE_MODULES = YES;
				CLANG_ENABLE_OBJC_ARC = YES;
				CLANG_WARN_BOOL_CONVERSION = YES;
				CLANG_WARN_CONSTANT_CONVERSION = YES;
				CLANG_WARN_DIRECT_OBJC_ISA_USAGE = YES_ERROR;
				CLANG_WARN_EMPTY_BODY = YES;
				CLANG_WARN_ENUM_CONVERSION = YES;
				CLANG_WARN_INT_CONVERSION = YES;
				CLANG_WARN_OBJC_ROOT_CLASS = YES_ERROR;
				CLANG_WARN_UNREACHABLE_CODE = YES;
				CLANG_WARN__DUPLICATE_METHOD_MATCH = YES;
				"CODE_SIGN_IDENTITY[sdk=iphoneos*]" = "iPhone Developer";
				COPY_PHASE_STRIP = NO;
				DEBUG_INFORMATION_FORMAT = "dwarf-with-dsym";
				ENABLE_NS_ASSERTIONS = NO;
				ENABLE_STRICT_OBJC_MSGSEND = YES;
				GCC_C_LANGUAGE_STANDARD = gnu99;
				GCC_NO_COMMON_BLOCKS = YES;
				GCC_WARN_64_TO_32_BIT_CONVERSION = YES;
				GCC_WARN_ABOUT_RETURN_TYPE = YES_ERROR;
				GCC_WARN_UNDECLARED_SELECTOR = YES;
				GCC_WARN_UNINITIALIZED_AUTOS = YES_AGGRESSIVE;
				GCC_WARN_UNUSED_FUNCTION = YES;
				GCC_WARN_UNUSED_VARIABLE = YES;
				IPHONEOS_DEPLOYMENT_TARGET = 9.3;
				MTL_ENABLE_DEBUG_INFO = NO;
				SDKROOT = iphoneos;
				TARGETED_DEVICE_FAMILY = "1,2";
				VALIDATE_PRODUCT = YES;
			};
			name = Release;
		};
		3B6099A71D1FCB6700BBA9E8 /* Debug */ = {
			isa = XCBuildConfiguration;
			buildSettings = {
				ASSETCATALOG_COMPILER_APPICON_NAME = AppIcon;
				INFOPLIST_FILE = TimeTravellerMap/Info.plist;
				LD_RUNPATH_SEARCH_PATHS = "$(inherited) @executable_path/Frameworks";
				PRODUCT_BUNDLE_IDENTIFIER = com.LingxinGu.TimeTravellerMap;
				PRODUCT_NAME = "$(TARGET_NAME)";
			};
			name = Debug;
		};
		3B6099A81D1FCB6700BBA9E8 /* Release */ = {
			isa = XCBuildConfiguration;
			buildSettings = {
				ASSETCATALOG_COMPILER_APPICON_NAME = AppIcon;
				INFOPLIST_FILE = TimeTravellerMap/Info.plist;
				LD_RUNPATH_SEARCH_PATHS = "$(inherited) @executable_path/Frameworks";
				PRODUCT_BUNDLE_IDENTIFIER = com.LingxinGu.TimeTravellerMap;
				PRODUCT_NAME = "$(TARGET_NAME)";
			};
			name = Release;
		};
		3B6099AA1D1FCB6700BBA9E8 /* Debug */ = {
			isa = XCBuildConfiguration;
			buildSettings = {
				BUNDLE_LOADER = "$(TEST_HOST)";
				INFOPLIST_FILE = TimeTravellerMapTests/Info.plist;
				LD_RUNPATH_SEARCH_PATHS = "$(inherited) @executable_path/Frameworks @loader_path/Frameworks";
				PRODUCT_BUNDLE_IDENTIFIER = com.LingxinGu.TimeTravellerMapTests;
				PRODUCT_NAME = "$(TARGET_NAME)";
				TEST_HOST = "$(BUILT_PRODUCTS_DIR)/TimeTravellerMap.app/TimeTravellerMap";
			};
			name = Debug;
		};
		3B6099AB1D1FCB6700BBA9E8 /* Release */ = {
			isa = XCBuildConfiguration;
			buildSettings = {
				BUNDLE_LOADER = "$(TEST_HOST)";
				INFOPLIST_FILE = TimeTravellerMapTests/Info.plist;
				LD_RUNPATH_SEARCH_PATHS = "$(inherited) @executable_path/Frameworks @loader_path/Frameworks";
				PRODUCT_BUNDLE_IDENTIFIER = com.LingxinGu.TimeTravellerMapTests;
				PRODUCT_NAME = "$(TARGET_NAME)";
				TEST_HOST = "$(BUILT_PRODUCTS_DIR)/TimeTravellerMap.app/TimeTravellerMap";
			};
			name = Release;
		};
		3B6099AD1D1FCB6700BBA9E8 /* Debug */ = {
			isa = XCBuildConfiguration;
			buildSettings = {
				INFOPLIST_FILE = TimeTravellerMapUITests/Info.plist;
				LD_RUNPATH_SEARCH_PATHS = "$(inherited) @executable_path/Frameworks @loader_path/Frameworks";
				PRODUCT_BUNDLE_IDENTIFIER = com.LingxinGu.TimeTravellerMapUITests;
				PRODUCT_NAME = "$(TARGET_NAME)";
				TEST_TARGET_NAME = TimeTravellerMap;
			};
			name = Debug;
		};
		3B6099AE1D1FCB6700BBA9E8 /* Release */ = {
			isa = XCBuildConfiguration;
			buildSettings = {
				INFOPLIST_FILE = TimeTravellerMapUITests/Info.plist;
				LD_RUNPATH_SEARCH_PATHS = "$(inherited) @executable_path/Frameworks @loader_path/Frameworks";
				PRODUCT_BUNDLE_IDENTIFIER = com.LingxinGu.TimeTravellerMapUITests;
				PRODUCT_NAME = "$(TARGET_NAME)";
				TEST_TARGET_NAME = TimeTravellerMap;
			};
			name = Release;
		};
/* End XCBuildConfiguration section */

/* Begin XCConfigurationList section */
		3B6099771D1FCB6700BBA9E8 /* Build configuration list for PBXProject "TimeTravellerMap" */ = {
			isa = XCConfigurationList;
			buildConfigurations = (
				3B6099A41D1FCB6700BBA9E8 /* Debug */,
				3B6099A51D1FCB6700BBA9E8 /* Release */,
			);
			defaultConfigurationIsVisible = 0;
			defaultConfigurationName = Release;
		};
		3B6099A61D1FCB6700BBA9E8 /* Build configuration list for PBXNativeTarget "TimeTravellerMap" */ = {
			isa = XCConfigurationList;
			buildConfigurations = (
				3B6099A71D1FCB6700BBA9E8 /* Debug */,
				3B6099A81D1FCB6700BBA9E8 /* Release */,
			);
			defaultConfigurationIsVisible = 0;
		};
		3B6099A91D1FCB6700BBA9E8 /* Build configuration list for PBXNativeTarget "TimeTravellerMapTests" */ = {
			isa = XCConfigurationList;
			buildConfigurations = (
				3B6099AA1D1FCB6700BBA9E8 /* Debug */,
				3B6099AB1D1FCB6700BBA9E8 /* Release */,
			);
			defaultConfigurationIsVisible = 0;
		};
		3B6099AC1D1FCB6700BBA9E8 /* Build configuration list for PBXNativeTarget "TimeTravellerMapUITests" */ = {
			isa = XCConfigurationList;
			buildConfigurations = (
				3B6099AD1D1FCB6700BBA9E8 /* Debug */,
				3B6099AE1D1FCB6700BBA9E8 /* Release */,
			);
			defaultConfigurationIsVisible = 0;
		};
/* End XCConfigurationList section */
	};
	rootObject = 3B6099741D1FCB6700BBA9E8 /* Project object */;
}
