// !$*UTF8*$!
{
	archiveVersion = 1;
	classes = {
	};
	objectVersion = 46;
	objects = {

/* Begin PBXBuildFile section */
		3B0F39361D40DBD1004B0B2C /* Map.storyboard in Resources */ = {isa = PBXBuildFile; fileRef = 3B0F39351D40DBD1004B0B2C /* Map.storyboard */; };
		3B0F39381D40DED4004B0B2C /* MapsTableViewController.swift in Sources */ = {isa = PBXBuildFile; fileRef = 3B0F39371D40DED4004B0B2C /* MapsTableViewController.swift */; };
		3B0F393B1D40E2FA004B0B2C /* Map+CoreDataProperties.swift in Sources */ = {isa = PBXBuildFile; fileRef = 3B0F39391D40E2FA004B0B2C /* Map+CoreDataProperties.swift */; };
		3B0F393C1D40E2FA004B0B2C /* Map.swift in Sources */ = {isa = PBXBuildFile; fileRef = 3B0F393A1D40E2FA004B0B2C /* Map.swift */; };
		3B0F393E1D46027E004B0B2C /* AddMapViewController.swift in Sources */ = {isa = PBXBuildFile; fileRef = 3B0F393D1D46027E004B0B2C /* AddMapViewController.swift */; };
		3B0F39401D4DFB5C004B0B2C /* TestTableViewController.swift in Sources */ = {isa = PBXBuildFile; fileRef = 3B0F393F1D4DFB5C004B0B2C /* TestTableViewController.swift */; };
		3B0F39421D4E122C004B0B2C /* MapDetailsViewController.swift in Sources */ = {isa = PBXBuildFile; fileRef = 3B0F39411D4E122C004B0B2C /* MapDetailsViewController.swift */; };
		3B0F39441D4E76A6004B0B2C /* MapViewCell.swift in Sources */ = {isa = PBXBuildFile; fileRef = 3B0F39431D4E76A6004B0B2C /* MapViewCell.swift */; };
		3B0F39461D4E7F2D004B0B2C /* UIImage+Resize.swift in Sources */ = {isa = PBXBuildFile; fileRef = 3B0F39451D4E7F2D004B0B2C /* UIImage+Resize.swift */; };
		3B36D2E61D37903D00BACEF8 /* AddEventTableViewController.swift in Sources */ = {isa = PBXBuildFile; fileRef = 3B36D2E51D37903D00BACEF8 /* AddEventTableViewController.swift */; };
		3B36D2E81D379A6D00BACEF8 /* HudView.swift in Sources */ = {isa = PBXBuildFile; fileRef = 3B36D2E71D379A6D00BACEF8 /* HudView.swift */; };
		3B36D2EA1D38E09A00BACEF8 /* EventCell.swift in Sources */ = {isa = PBXBuildFile; fileRef = 3B36D2E91D38E09A00BACEF8 /* EventCell.swift */; };
		3B36D2ED1D39685D00BACEF8 /* Annotation.storyboard in Resources */ = {isa = PBXBuildFile; fileRef = 3B36D2EB1D39685D00BACEF8 /* Annotation.storyboard */; };
		3B36D2EF1D39755B00BACEF8 /* EventDetailsViewController.swift in Sources */ = {isa = PBXBuildFile; fileRef = 3B36D2EE1D39755B00BACEF8 /* EventDetailsViewController.swift */; };
		3B36D2F21D3ACA3100BACEF8 /* Event+CoreDataProperties.swift in Sources */ = {isa = PBXBuildFile; fileRef = 3B36D2F01D3ACA3100BACEF8 /* Event+CoreDataProperties.swift */; };
		3B36D2F31D3ACA3100BACEF8 /* Event.swift in Sources */ = {isa = PBXBuildFile; fileRef = 3B36D2F11D3ACA3100BACEF8 /* Event.swift */; };
		3B5ABFB31D2C4AE50058AEE4 /* InformationAnnotation.swift in Sources */ = {isa = PBXBuildFile; fileRef = 3B5ABFB21D2C4AE50058AEE4 /* InformationAnnotation.swift */; };
		3B5ABFB51D2C4C180058AEE4 /* InformationAnnotationView.swift in Sources */ = {isa = PBXBuildFile; fileRef = 3B5ABFB41D2C4C180058AEE4 /* InformationAnnotationView.swift */; };
		3B5D65461D271F2B0085D057 /* BrushSettingsViewController.swift in Sources */ = {isa = PBXBuildFile; fileRef = 3B5D65451D271F2B0085D057 /* BrushSettingsViewController.swift */; };
		3B6099801D1FCB6700BBA9E8 /* AppDelegate.swift in Sources */ = {isa = PBXBuildFile; fileRef = 3B60997F1D1FCB6700BBA9E8 /* AppDelegate.swift */; };
		3B6099821D1FCB6700BBA9E8 /* MapViewController.swift in Sources */ = {isa = PBXBuildFile; fileRef = 3B6099811D1FCB6700BBA9E8 /* MapViewController.swift */; };
		3B6099841D1FCB6700BBA9E8 /* SecondViewController.swift in Sources */ = {isa = PBXBuildFile; fileRef = 3B6099831D1FCB6700BBA9E8 /* SecondViewController.swift */; };
		3B6099871D1FCB6700BBA9E8 /* Main.storyboard in Resources */ = {isa = PBXBuildFile; fileRef = 3B6099851D1FCB6700BBA9E8 /* Main.storyboard */; };
		3B6099891D1FCB6700BBA9E8 /* Assets.xcassets in Resources */ = {isa = PBXBuildFile; fileRef = 3B6099881D1FCB6700BBA9E8 /* Assets.xcassets */; };
		3B60998C1D1FCB6700BBA9E8 /* LaunchScreen.storyboard in Resources */ = {isa = PBXBuildFile; fileRef = 3B60998A1D1FCB6700BBA9E8 /* LaunchScreen.storyboard */; };
		3B6099971D1FCB6700BBA9E8 /* TimeTravellerMapTests.swift in Sources */ = {isa = PBXBuildFile; fileRef = 3B6099961D1FCB6700BBA9E8 /* TimeTravellerMapTests.swift */; };
		3B6099A21D1FCB6700BBA9E8 /* TimeTravellerMapUITests.swift in Sources */ = {isa = PBXBuildFile; fileRef = 3B6099A11D1FCB6700BBA9E8 /* TimeTravellerMapUITests.swift */; };
		3B6099B01D1FDC0700BBA9E8 /* SearchLocationsTableViewController.swift in Sources */ = {isa = PBXBuildFile; fileRef = 3B6099AF1D1FDC0700BBA9E8 /* SearchLocationsTableViewController.swift */; };
		3B646C7F1D5D27180039F998 /* MapsAnimationViewController.swift in Sources */ = {isa = PBXBuildFile; fileRef = 3B646C7E1D5D27180039F998 /* MapsAnimationViewController.swift */; };
		3B646C811D5D29ED0039F998 /* MyPresentationController.swift in Sources */ = {isa = PBXBuildFile; fileRef = 3B646C801D5D29ED0039F998 /* MyPresentationController.swift */; };
		3B646C831D5DD0AB0039F998 /* GradientView.swift in Sources */ = {isa = PBXBuildFile; fileRef = 3B646C821D5DD0AB0039F998 /* GradientView.swift */; };
		3B65FFEA1D690FC500B27285 /* LaunchViewController.swift in Sources */ = {isa = PBXBuildFile; fileRef = 3B65FFE91D690FC500B27285 /* LaunchViewController.swift */; };
		3B65FFEC1D69163100B27285 /* LaunchView.swift in Sources */ = {isa = PBXBuildFile; fileRef = 3B65FFEB1D69163100B27285 /* LaunchView.swift */; };
		3BA3CFB61D5898EB00A1071E /* MapDrawingViewController.swift in Sources */ = {isa = PBXBuildFile; fileRef = 3BA3CFB51D5898EB00A1071E /* MapDrawingViewController.swift */; };
		3BA3CFB81D5B226800A1071E /* MyTabBarController.swift in Sources */ = {isa = PBXBuildFile; fileRef = 3BA3CFB71D5B226800A1071E /* MyTabBarController.swift */; };
		3BA3CFBA1D5B230500A1071E /* MyNavigationController.swift in Sources */ = {isa = PBXBuildFile; fileRef = 3BA3CFB91D5B230500A1071E /* MyNavigationController.swift */; };
		3BA3CFBC1D5B23FE00A1071E /* MyImagePickerController.swift in Sources */ = {isa = PBXBuildFile; fileRef = 3BA3CFBB1D5B23FE00A1071E /* MyImagePickerController.swift */; };
		3BA3CFBE1D5BA21800A1071E /* MySearchBar.swift in Sources */ = {isa = PBXBuildFile; fileRef = 3BA3CFBD1D5BA21800A1071E /* MySearchBar.swift */; };
		3BA3CFC01D5BA27D00A1071E /* MySearchController.swift in Sources */ = {isa = PBXBuildFile; fileRef = 3BA3CFBF1D5BA27D00A1071E /* MySearchController.swift */; };
		3BA511021D6C924F00E7E1A0 /* TestViewController.swift in Sources */ = {isa = PBXBuildFile; fileRef = 3BA511011D6C924F00E7E1A0 /* TestViewController.swift */; };
		3BAAABC01D5670950053A59D /* MapLocationViewController.swift in Sources */ = {isa = PBXBuildFile; fileRef = 3BAAABBF1D5670950053A59D /* MapLocationViewController.swift */; };
		3BC3AE361D205ECE00EF2D26 /* HistoryMapOverlay.swift in Sources */ = {isa = PBXBuildFile; fileRef = 3BC3AE351D205ECE00EF2D26 /* HistoryMapOverlay.swift */; };
		3BC3AE391D205F7B00EF2D26 /* HistoryMap.swift in Sources */ = {isa = PBXBuildFile; fileRef = 3BC3AE381D205F7B00EF2D26 /* HistoryMap.swift */; };
		3BC3AE3C1D2068FE00EF2D26 /* Newark1800.jpg in Resources */ = {isa = PBXBuildFile; fileRef = 3BC3AE3B1D2068FE00EF2D26 /* Newark1800.jpg */; };
		3BC3AE3F1D20693F00EF2D26 /* HistoryMapOverlayView.swift in Sources */ = {isa = PBXBuildFile; fileRef = 3BC3AE3E1D20693F00EF2D26 /* HistoryMapOverlayView.swift */; };
		3BC3AE411D212D3C00EF2D26 /* Newark1916.png in Resources */ = {isa = PBXBuildFile; fileRef = 3BC3AE401D212D3C00EF2D26 /* Newark1916.png */; };
		3BC8E9FD1D61C8D5004230F4 /* AddEventTableViewControllerTests.swift in Sources */ = {isa = PBXBuildFile; fileRef = 3BC8E9FC1D61C8D5004230F4 /* AddEventTableViewControllerTests.swift */; };
		3BC8E9FF1D64C8D9004230F4 /* LinksTableViewController.swift in Sources */ = {isa = PBXBuildFile; fileRef = 3BC8E9FE1D64C8D9004230F4 /* LinksTableViewController.swift */; };
		3BC8EA021D64D773004230F4 /* Link+CoreDataProperties.swift in Sources */ = {isa = PBXBuildFile; fileRef = 3BC8EA001D64D773004230F4 /* Link+CoreDataProperties.swift */; };
		3BC8EA031D64D773004230F4 /* Link.swift in Sources */ = {isa = PBXBuildFile; fileRef = 3BC8EA011D64D773004230F4 /* Link.swift */; };
		3BE2F78F1D65C58100C647AA /* LinkCell.swift in Sources */ = {isa = PBXBuildFile; fileRef = 3BE2F78E1D65C58100C647AA /* LinkCell.swift */; };
		3BE2F7A51D664C7100C647AA /* RE-9ad.png in Resources */ = {isa = PBXBuildFile; fileRef = 3BE2F7921D664C7100C647AA /* RE-9ad.png */; };
		3BE2F7A61D664C7100C647AA /* RE-86bc.png in Resources */ = {isa = PBXBuildFile; fileRef = 3BE2F7931D664C7100C647AA /* RE-86bc.png */; };
		3BE2F7A71D664C7100C647AA /* RE-116ad.png in Resources */ = {isa = PBXBuildFile; fileRef = 3BE2F7941D664C7100C647AA /* RE-116ad.png */; };
		3BE2F7A81D664C7100C647AA /* RE-214bc.png in Resources */ = {isa = PBXBuildFile; fileRef = 3BE2F7951D664C7100C647AA /* RE-214bc.png */; };
		3BE2F7A91D664C7100C647AA /* RE-269ad.png in Resources */ = {isa = PBXBuildFile; fileRef = 3BE2F7961D664C7100C647AA /* RE-269ad.png */; };
		3BE2F7AA1D664C7100C647AA /* RE-279bc.png in Resources */ = {isa = PBXBuildFile; fileRef = 3BE2F7971D664C7100C647AA /* RE-279bc.png */; };
		3BE2F7AB1D664C7100C647AA /* RE-336ad.png in Resources */ = {isa = PBXBuildFile; fileRef = 3BE2F7981D664C7100C647AA /* RE-336ad.png */; };
		3BE2F7AC1D664C7100C647AA /* RE-338bc.png in Resources */ = {isa = PBXBuildFile; fileRef = 3BE2F7991D664C7100C647AA /* RE-338bc.png */; };
		3BE2F7AD1D664C7100C647AA /* RE-485ad.png in Resources */ = {isa = PBXBuildFile; fileRef = 3BE2F79A1D664C7100C647AA /* RE-485ad.png */; };
		3BE2F7AE1D664C7100C647AA /* RE-565ad.png in Resources */ = {isa = PBXBuildFile; fileRef = 3BE2F79B1D664C7100C647AA /* RE-565ad.png */; };
		3BE2F7AF1D664C7100C647AA /* RE-623ad.png in Resources */ = {isa = PBXBuildFile; fileRef = 3BE2F79C1D664C7100C647AA /* RE-623ad.png */; };
		3BE2F7B01D664C7100C647AA /* RE-754ad.png in Resources */ = {isa = PBXBuildFile; fileRef = 3BE2F79D1D664C7100C647AA /* RE-754ad.png */; };
		3BE2F7B11D664C7100C647AA /* RE-812ad.png in Resources */ = {isa = PBXBuildFile; fileRef = 3BE2F79E1D664C7100C647AA /* RE-812ad.png */; };
		3BE2F7B21D664C7100C647AA /* RE-925ad.png in Resources */ = {isa = PBXBuildFile; fileRef = 3BE2F79F1D664C7100C647AA /* RE-925ad.png */; };
		3BE2F7B31D664C7100C647AA /* RE-1040ad.png in Resources */ = {isa = PBXBuildFile; fileRef = 3BE2F7A01D664C7100C647AA /* RE-1040ad.png */; };
		3BE2F7B41D664C7100C647AA /* RE-1181ad.png in Resources */ = {isa = PBXBuildFile; fileRef = 3BE2F7A11D664C7100C647AA /* RE-1181ad.png */; };
		3BE2F7B51D664C7100C647AA /* RE-1288ad.png in Resources */ = {isa = PBXBuildFile; fileRef = 3BE2F7A21D664C7100C647AA /* RE-1288ad.png */; };
		3BE2F7B61D664C7100C647AA /* RE-1403ad.png in Resources */ = {isa = PBXBuildFile; fileRef = 3BE2F7A31D664C7100C647AA /* RE-1403ad.png */; };
		3BE2F7B71D664C7100C647AA /* RE-1452ad.png in Resources */ = {isa = PBXBuildFile; fileRef = 3BE2F7A41D664C7100C647AA /* RE-1452ad.png */; };
		3BF7587A1D26F9E300BACE00 /* ToolsTableViewController.swift in Sources */ = {isa = PBXBuildFile; fileRef = 3BF758791D26F9E300BACE00 /* ToolsTableViewController.swift */; };
		3BFE73671D34FEE6003E851E /* AnnotationDetailsTableViewController.swift in Sources */ = {isa = PBXBuildFile; fileRef = 3BFE73661D34FEE6003E851E /* AnnotationDetailsTableViewController.swift */; };
		3BFE73901D36C36C003E851E /* DataModel.xcdatamodeld in Sources */ = {isa = PBXBuildFile; fileRef = 3BFE738E1D36C36C003E851E /* DataModel.xcdatamodeld */; };
		3BFE73921D36CAB4003E851E /* CoreDataStack.swift in Sources */ = {isa = PBXBuildFile; fileRef = 3BFE73911D36CAB4003E851E /* CoreDataStack.swift */; };
		3BFE73941D36CD91003E851E /* EventTableViewController.swift in Sources */ = {isa = PBXBuildFile; fileRef = 3BFE73931D36CD91003E851E /* EventTableViewController.swift */; };
/* End PBXBuildFile section */

/* Begin PBXContainerItemProxy section */
		3B6099931D1FCB6700BBA9E8 /* PBXContainerItemProxy */ = {
			isa = PBXContainerItemProxy;
			containerPortal = 3B6099741D1FCB6700BBA9E8 /* Project object */;
			proxyType = 1;
			remoteGlobalIDString = 3B60997B1D1FCB6700BBA9E8;
			remoteInfo = TimeTravellerMap;
		};
		3B60999E1D1FCB6700BBA9E8 /* PBXContainerItemProxy */ = {
			isa = PBXContainerItemProxy;
			containerPortal = 3B6099741D1FCB6700BBA9E8 /* Project object */;
			proxyType = 1;
			remoteGlobalIDString = 3B60997B1D1FCB6700BBA9E8;
			remoteInfo = TimeTravellerMap;
		};
/* End PBXContainerItemProxy section */

/* Begin PBXFileReference section */
		3B0F39351D40DBD1004B0B2C /* Map.storyboard */ = {isa = PBXFileReference; fileEncoding = 4; lastKnownFileType = file.storyboard; path = Map.storyboard; sourceTree = "<group>"; };
		3B0F39371D40DED4004B0B2C /* MapsTableViewController.swift */ = {isa = PBXFileReference; fileEncoding = 4; lastKnownFileType = sourcecode.swift; path = MapsTableViewController.swift; sourceTree = "<group>"; };
		3B0F39391D40E2FA004B0B2C /* Map+CoreDataProperties.swift */ = {isa = PBXFileReference; fileEncoding = 4; lastKnownFileType = sourcecode.swift; path = "Map+CoreDataProperties.swift"; sourceTree = "<group>"; };
		3B0F393A1D40E2FA004B0B2C /* Map.swift */ = {isa = PBXFileReference; fileEncoding = 4; lastKnownFileType = sourcecode.swift; path = Map.swift; sourceTree = "<group>"; };
		3B0F393D1D46027E004B0B2C /* AddMapViewController.swift */ = {isa = PBXFileReference; fileEncoding = 4; lastKnownFileType = sourcecode.swift; path = AddMapViewController.swift; sourceTree = "<group>"; };
		3B0F393F1D4DFB5C004B0B2C /* TestTableViewController.swift */ = {isa = PBXFileReference; fileEncoding = 4; lastKnownFileType = sourcecode.swift; path = TestTableViewController.swift; sourceTree = "<group>"; };
		3B0F39411D4E122C004B0B2C /* MapDetailsViewController.swift */ = {isa = PBXFileReference; fileEncoding = 4; lastKnownFileType = sourcecode.swift; path = MapDetailsViewController.swift; sourceTree = "<group>"; };
		3B0F39431D4E76A6004B0B2C /* MapViewCell.swift */ = {isa = PBXFileReference; fileEncoding = 4; lastKnownFileType = sourcecode.swift; path = MapViewCell.swift; sourceTree = "<group>"; };
		3B0F39451D4E7F2D004B0B2C /* UIImage+Resize.swift */ = {isa = PBXFileReference; fileEncoding = 4; lastKnownFileType = sourcecode.swift; path = "UIImage+Resize.swift"; sourceTree = "<group>"; };
		3B36D2E51D37903D00BACEF8 /* AddEventTableViewController.swift */ = {isa = PBXFileReference; fileEncoding = 4; lastKnownFileType = sourcecode.swift; path = AddEventTableViewController.swift; sourceTree = "<group>"; };
		3B36D2E71D379A6D00BACEF8 /* HudView.swift */ = {isa = PBXFileReference; fileEncoding = 4; lastKnownFileType = sourcecode.swift; path = HudView.swift; sourceTree = "<group>"; };
		3B36D2E91D38E09A00BACEF8 /* EventCell.swift */ = {isa = PBXFileReference; fileEncoding = 4; lastKnownFileType = sourcecode.swift; path = EventCell.swift; sourceTree = "<group>"; };
		3B36D2EC1D39685D00BACEF8 /* Base */ = {isa = PBXFileReference; lastKnownFileType = file.storyboard; name = Base; path = Base.lproj/Annotation.storyboard; sourceTree = "<group>"; };
		3B36D2EE1D39755B00BACEF8 /* EventDetailsViewController.swift */ = {isa = PBXFileReference; fileEncoding = 4; lastKnownFileType = sourcecode.swift; path = EventDetailsViewController.swift; sourceTree = "<group>"; };
		3B36D2F01D3ACA3100BACEF8 /* Event+CoreDataProperties.swift */ = {isa = PBXFileReference; fileEncoding = 4; lastKnownFileType = sourcecode.swift; path = "Event+CoreDataProperties.swift"; sourceTree = "<group>"; };
		3B36D2F11D3ACA3100BACEF8 /* Event.swift */ = {isa = PBXFileReference; fileEncoding = 4; lastKnownFileType = sourcecode.swift; path = Event.swift; sourceTree = "<group>"; };
		3B5ABFB21D2C4AE50058AEE4 /* InformationAnnotation.swift */ = {isa = PBXFileReference; fileEncoding = 4; lastKnownFileType = sourcecode.swift; path = InformationAnnotation.swift; sourceTree = "<group>"; };
		3B5ABFB41D2C4C180058AEE4 /* InformationAnnotationView.swift */ = {isa = PBXFileReference; fileEncoding = 4; lastKnownFileType = sourcecode.swift; path = InformationAnnotationView.swift; sourceTree = "<group>"; };
		3B5D65451D271F2B0085D057 /* BrushSettingsViewController.swift */ = {isa = PBXFileReference; fileEncoding = 4; lastKnownFileType = sourcecode.swift; path = BrushSettingsViewController.swift; sourceTree = "<group>"; };
		3B60997C1D1FCB6700BBA9E8 /* TimeTravellerMap.app */ = {isa = PBXFileReference; explicitFileType = wrapper.application; includeInIndex = 0; path = TimeTravellerMap.app; sourceTree = BUILT_PRODUCTS_DIR; };
		3B60997F1D1FCB6700BBA9E8 /* AppDelegate.swift */ = {isa = PBXFileReference; lastKnownFileType = sourcecode.swift; path = AppDelegate.swift; sourceTree = "<group>"; };
		3B6099811D1FCB6700BBA9E8 /* MapViewController.swift */ = {isa = PBXFileReference; lastKnownFileType = sourcecode.swift; path = MapViewController.swift; sourceTree = "<group>"; };
		3B6099831D1FCB6700BBA9E8 /* SecondViewController.swift */ = {isa = PBXFileReference; lastKnownFileType = sourcecode.swift; path = SecondViewController.swift; sourceTree = "<group>"; };
		3B6099861D1FCB6700BBA9E8 /* Base */ = {isa = PBXFileReference; lastKnownFileType = file.storyboard; name = Base; path = Base.lproj/Main.storyboard; sourceTree = "<group>"; };
		3B6099881D1FCB6700BBA9E8 /* Assets.xcassets */ = {isa = PBXFileReference; lastKnownFileType = folder.assetcatalog; path = Assets.xcassets; sourceTree = "<group>"; };
		3B60998B1D1FCB6700BBA9E8 /* Base */ = {isa = PBXFileReference; lastKnownFileType = file.storyboard; name = Base; path = Base.lproj/LaunchScreen.storyboard; sourceTree = "<group>"; };
		3B60998D1D1FCB6700BBA9E8 /* Info.plist */ = {isa = PBXFileReference; lastKnownFileType = text.plist.xml; path = Info.plist; sourceTree = "<group>"; };
		3B6099921D1FCB6700BBA9E8 /* TimeTravellerMapTests.xctest */ = {isa = PBXFileReference; explicitFileType = wrapper.cfbundle; includeInIndex = 0; path = TimeTravellerMapTests.xctest; sourceTree = BUILT_PRODUCTS_DIR; };
		3B6099961D1FCB6700BBA9E8 /* TimeTravellerMapTests.swift */ = {isa = PBXFileReference; lastKnownFileType = sourcecode.swift; path = TimeTravellerMapTests.swift; sourceTree = "<group>"; };
		3B6099981D1FCB6700BBA9E8 /* Info.plist */ = {isa = PBXFileReference; lastKnownFileType = text.plist.xml; path = Info.plist; sourceTree = "<group>"; };
		3B60999D1D1FCB6700BBA9E8 /* TimeTravellerMapUITests.xctest */ = {isa = PBXFileReference; explicitFileType = wrapper.cfbundle; includeInIndex = 0; path = TimeTravellerMapUITests.xctest; sourceTree = BUILT_PRODUCTS_DIR; };
		3B6099A11D1FCB6700BBA9E8 /* TimeTravellerMapUITests.swift */ = {isa = PBXFileReference; lastKnownFileType = sourcecode.swift; path = TimeTravellerMapUITests.swift; sourceTree = "<group>"; };
		3B6099A31D1FCB6700BBA9E8 /* Info.plist */ = {isa = PBXFileReference; lastKnownFileType = text.plist.xml; path = Info.plist; sourceTree = "<group>"; };
		3B6099AF1D1FDC0700BBA9E8 /* SearchLocationsTableViewController.swift */ = {isa = PBXFileReference; fileEncoding = 4; lastKnownFileType = sourcecode.swift; path = SearchLocationsTableViewController.swift; sourceTree = "<group>"; };
		3B646C7E1D5D27180039F998 /* MapsAnimationViewController.swift */ = {isa = PBXFileReference; fileEncoding = 4; lastKnownFileType = sourcecode.swift; path = MapsAnimationViewController.swift; sourceTree = "<group>"; };
		3B646C801D5D29ED0039F998 /* MyPresentationController.swift */ = {isa = PBXFileReference; fileEncoding = 4; lastKnownFileType = sourcecode.swift; path = MyPresentationController.swift; sourceTree = "<group>"; };
		3B646C821D5DD0AB0039F998 /* GradientView.swift */ = {isa = PBXFileReference; fileEncoding = 4; lastKnownFileType = sourcecode.swift; path = GradientView.swift; sourceTree = "<group>"; };
		3B65FFE91D690FC500B27285 /* LaunchViewController.swift */ = {isa = PBXFileReference; fileEncoding = 4; lastKnownFileType = sourcecode.swift; path = LaunchViewController.swift; sourceTree = "<group>"; };
		3B65FFEB1D69163100B27285 /* LaunchView.swift */ = {isa = PBXFileReference; fileEncoding = 4; lastKnownFileType = sourcecode.swift; path = LaunchView.swift; sourceTree = "<group>"; };
		3BA3CFB51D5898EB00A1071E /* MapDrawingViewController.swift */ = {isa = PBXFileReference; fileEncoding = 4; lastKnownFileType = sourcecode.swift; path = MapDrawingViewController.swift; sourceTree = "<group>"; };
		3BA3CFB71D5B226800A1071E /* MyTabBarController.swift */ = {isa = PBXFileReference; fileEncoding = 4; lastKnownFileType = sourcecode.swift; path = MyTabBarController.swift; sourceTree = "<group>"; };
		3BA3CFB91D5B230500A1071E /* MyNavigationController.swift */ = {isa = PBXFileReference; fileEncoding = 4; lastKnownFileType = sourcecode.swift; path = MyNavigationController.swift; sourceTree = "<group>"; };
		3BA3CFBB1D5B23FE00A1071E /* MyImagePickerController.swift */ = {isa = PBXFileReference; fileEncoding = 4; lastKnownFileType = sourcecode.swift; path = MyImagePickerController.swift; sourceTree = "<group>"; };
		3BA3CFBD1D5BA21800A1071E /* MySearchBar.swift */ = {isa = PBXFileReference; fileEncoding = 4; lastKnownFileType = sourcecode.swift; path = MySearchBar.swift; sourceTree = "<group>"; };
		3BA3CFBF1D5BA27D00A1071E /* MySearchController.swift */ = {isa = PBXFileReference; fileEncoding = 4; lastKnownFileType = sourcecode.swift; path = MySearchController.swift; sourceTree = "<group>"; };
		3BA511011D6C924F00E7E1A0 /* TestViewController.swift */ = {isa = PBXFileReference; fileEncoding = 4; lastKnownFileType = sourcecode.swift; path = TestViewController.swift; sourceTree = "<group>"; };
		3BAAABBF1D5670950053A59D /* MapLocationViewController.swift */ = {isa = PBXFileReference; fileEncoding = 4; lastKnownFileType = sourcecode.swift; path = MapLocationViewController.swift; sourceTree = "<group>"; };
		3BC3AE351D205ECE00EF2D26 /* HistoryMapOverlay.swift */ = {isa = PBXFileReference; fileEncoding = 4; lastKnownFileType = sourcecode.swift; path = HistoryMapOverlay.swift; sourceTree = "<group>"; };
		3BC3AE381D205F7B00EF2D26 /* HistoryMap.swift */ = {isa = PBXFileReference; fileEncoding = 4; lastKnownFileType = sourcecode.swift; path = HistoryMap.swift; sourceTree = "<group>"; };
		3BC3AE3B1D2068FE00EF2D26 /* Newark1800.jpg */ = {isa = PBXFileReference; lastKnownFileType = image.jpeg; path = Newark1800.jpg; sourceTree = "<group>"; };
		3BC3AE3E1D20693F00EF2D26 /* HistoryMapOverlayView.swift */ = {isa = PBXFileReference; fileEncoding = 4; lastKnownFileType = sourcecode.swift; path = HistoryMapOverlayView.swift; sourceTree = "<group>"; };
		3BC3AE401D212D3C00EF2D26 /* Newark1916.png */ = {isa = PBXFileReference; lastKnownFileType = image.png; path = Newark1916.png; sourceTree = "<group>"; };
		3BC8E9FC1D61C8D5004230F4 /* AddEventTableViewControllerTests.swift */ = {isa = PBXFileReference; fileEncoding = 4; lastKnownFileType = sourcecode.swift; path = AddEventTableViewControllerTests.swift; sourceTree = "<group>"; };
		3BC8E9FE1D64C8D9004230F4 /* LinksTableViewController.swift */ = {isa = PBXFileReference; fileEncoding = 4; lastKnownFileType = sourcecode.swift; path = LinksTableViewController.swift; sourceTree = "<group>"; };
		3BC8EA001D64D773004230F4 /* Link+CoreDataProperties.swift */ = {isa = PBXFileReference; fileEncoding = 4; lastKnownFileType = sourcecode.swift; path = "Link+CoreDataProperties.swift"; sourceTree = "<group>"; };
		3BC8EA011D64D773004230F4 /* Link.swift */ = {isa = PBXFileReference; fileEncoding = 4; lastKnownFileType = sourcecode.swift; path = Link.swift; sourceTree = "<group>"; };
		3BE2F78E1D65C58100C647AA /* LinkCell.swift */ = {isa = PBXFileReference; fileEncoding = 4; lastKnownFileType = sourcecode.swift; path = LinkCell.swift; sourceTree = "<group>"; };
		3BE2F7921D664C7100C647AA /* RE-9ad.png */ = {isa = PBXFileReference; lastKnownFileType = image.png; path = "RE-9ad.png"; sourceTree = "<group>"; };
		3BE2F7931D664C7100C647AA /* RE-86bc.png */ = {isa = PBXFileReference; lastKnownFileType = image.png; path = "RE-86bc.png"; sourceTree = "<group>"; };
		3BE2F7941D664C7100C647AA /* RE-116ad.png */ = {isa = PBXFileReference; lastKnownFileType = image.png; path = "RE-116ad.png"; sourceTree = "<group>"; };
		3BE2F7951D664C7100C647AA /* RE-214bc.png */ = {isa = PBXFileReference; lastKnownFileType = image.png; path = "RE-214bc.png"; sourceTree = "<group>"; };
		3BE2F7961D664C7100C647AA /* RE-269ad.png */ = {isa = PBXFileReference; lastKnownFileType = image.png; path = "RE-269ad.png"; sourceTree = "<group>"; };
		3BE2F7971D664C7100C647AA /* RE-279bc.png */ = {isa = PBXFileReference; lastKnownFileType = image.png; path = "RE-279bc.png"; sourceTree = "<group>"; };
		3BE2F7981D664C7100C647AA /* RE-336ad.png */ = {isa = PBXFileReference; lastKnownFileType = image.png; path = "RE-336ad.png"; sourceTree = "<group>"; };
		3BE2F7991D664C7100C647AA /* RE-338bc.png */ = {isa = PBXFileReference; lastKnownFileType = image.png; path = "RE-338bc.png"; sourceTree = "<group>"; };
		3BE2F79A1D664C7100C647AA /* RE-485ad.png */ = {isa = PBXFileReference; lastKnownFileType = image.png; path = "RE-485ad.png"; sourceTree = "<group>"; };
		3BE2F79B1D664C7100C647AA /* RE-565ad.png */ = {isa = PBXFileReference; lastKnownFileType = image.png; path = "RE-565ad.png"; sourceTree = "<group>"; };
		3BE2F79C1D664C7100C647AA /* RE-623ad.png */ = {isa = PBXFileReference; lastKnownFileType = image.png; path = "RE-623ad.png"; sourceTree = "<group>"; };
		3BE2F79D1D664C7100C647AA /* RE-754ad.png */ = {isa = PBXFileReference; lastKnownFileType = image.png; path = "RE-754ad.png"; sourceTree = "<group>"; };
		3BE2F79E1D664C7100C647AA /* RE-812ad.png */ = {isa = PBXFileReference; lastKnownFileType = image.png; path = "RE-812ad.png"; sourceTree = "<group>"; };
		3BE2F79F1D664C7100C647AA /* RE-925ad.png */ = {isa = PBXFileReference; lastKnownFileType = image.png; path = "RE-925ad.png"; sourceTree = "<group>"; };
		3BE2F7A01D664C7100C647AA /* RE-1040ad.png */ = {isa = PBXFileReference; lastKnownFileType = image.png; path = "RE-1040ad.png"; sourceTree = "<group>"; };
		3BE2F7A11D664C7100C647AA /* RE-1181ad.png */ = {isa = PBXFileReference; lastKnownFileType = image.png; path = "RE-1181ad.png"; sourceTree = "<group>"; };
		3BE2F7A21D664C7100C647AA /* RE-1288ad.png */ = {isa = PBXFileReference; lastKnownFileType = image.png; path = "RE-1288ad.png"; sourceTree = "<group>"; };
		3BE2F7A31D664C7100C647AA /* RE-1403ad.png */ = {isa = PBXFileReference; lastKnownFileType = image.png; path = "RE-1403ad.png"; sourceTree = "<group>"; };
		3BE2F7A41D664C7100C647AA /* RE-1452ad.png */ = {isa = PBXFileReference; lastKnownFileType = image.png; path = "RE-1452ad.png"; sourceTree = "<group>"; };
		3BF758791D26F9E300BACE00 /* ToolsTableViewController.swift */ = {isa = PBXFileReference; fileEncoding = 4; lastKnownFileType = sourcecode.swift; path = ToolsTableViewController.swift; sourceTree = "<group>"; };
		3BFE73661D34FEE6003E851E /* AnnotationDetailsTableViewController.swift */ = {isa = PBXFileReference; fileEncoding = 4; lastKnownFileType = sourcecode.swift; path = AnnotationDetailsTableViewController.swift; sourceTree = "<group>"; };
		3BFE738F1D36C36C003E851E /* DataModel.xcdatamodel */ = {isa = PBXFileReference; lastKnownFileType = wrapper.xcdatamodel; path = DataModel.xcdatamodel; sourceTree = "<group>"; };
		3BFE73911D36CAB4003E851E /* CoreDataStack.swift */ = {isa = PBXFileReference; fileEncoding = 4; lastKnownFileType = sourcecode.swift; path = CoreDataStack.swift; sourceTree = "<group>"; };
		3BFE73931D36CD91003E851E /* EventTableViewController.swift */ = {isa = PBXFileReference; fileEncoding = 4; lastKnownFileType = sourcecode.swift; path = EventTableViewController.swift; sourceTree = "<group>"; };
/* End PBXFileReference section */

/* Begin PBXFrameworksBuildPhase section */
		3B6099791D1FCB6700BBA9E8 /* Frameworks */ = {
			isa = PBXFrameworksBuildPhase;
			buildActionMask = 2147483647;
			files = (
			);
			runOnlyForDeploymentPostprocessing = 0;
		};
		3B60998F1D1FCB6700BBA9E8 /* Frameworks */ = {
			isa = PBXFrameworksBuildPhase;
			buildActionMask = 2147483647;
			files = (
			);
			runOnlyForDeploymentPostprocessing = 0;
		};
		3B60999A1D1FCB6700BBA9E8 /* Frameworks */ = {
			isa = PBXFrameworksBuildPhase;
			buildActionMask = 2147483647;
			files = (
			);
			runOnlyForDeploymentPostprocessing = 0;
		};
/* End PBXFrameworksBuildPhase section */

/* Begin PBXGroup section */
		3B5ABFB11D2C4A970058AEE4 /* Anotation */ = {
			isa = PBXGroup;
			children = (
				3B5ABFB21D2C4AE50058AEE4 /* InformationAnnotation.swift */,
				3B5ABFB41D2C4C180058AEE4 /* InformationAnnotationView.swift */,
			);
			name = Anotation;
			sourceTree = "<group>";
		};
		3B6099731D1FCB6700BBA9E8 = {
			isa = PBXGroup;
			children = (
				3B60997E1D1FCB6700BBA9E8 /* TimeTravellerMap */,
				3B6099951D1FCB6700BBA9E8 /* TimeTravellerMapTests */,
				3B6099A01D1FCB6700BBA9E8 /* TimeTravellerMapUITests */,
				3B60997D1D1FCB6700BBA9E8 /* Products */,
			);
			sourceTree = "<group>";
		};
		3B60997D1D1FCB6700BBA9E8 /* Products */ = {
			isa = PBXGroup;
			children = (
				3B60997C1D1FCB6700BBA9E8 /* TimeTravellerMap.app */,
				3B6099921D1FCB6700BBA9E8 /* TimeTravellerMapTests.xctest */,
				3B60999D1D1FCB6700BBA9E8 /* TimeTravellerMapUITests.xctest */,
			);
			name = Products;
			sourceTree = "<group>";
		};
		3B60997E1D1FCB6700BBA9E8 /* TimeTravellerMap */ = {
			isa = PBXGroup;
			children = (
				3B65FFED1D6A187C00B27285 /* Main Screen */,
				3B69ADC11D6B0FE8007DA753 /* Annotation Tab */,
				3B65FFEF1D6A5DC000B27285 /* Overlay Tab */,
				3BFE73951D36D619003E851E /* CoreData */,
				3B5ABFB11D2C4A970058AEE4 /* Anotation */,
				3BC3AE3D1D20692A00EF2D26 /* Overlays */,
				3BC3AE3A1D2068EE00EF2D26 /* HistoryMap */,
				3BC3AE371D205ED800EF2D26 /* Model */,
				3B60997F1D1FCB6700BBA9E8 /* AppDelegate.swift */,
				3BA3CFB71D5B226800A1071E /* MyTabBarController.swift */,
				3BA3CFB91D5B230500A1071E /* MyNavigationController.swift */,
				3BA3CFBB1D5B23FE00A1071E /* MyImagePickerController.swift */,
				3B646C821D5DD0AB0039F998 /* GradientView.swift */,
				3B646C801D5D29ED0039F998 /* MyPresentationController.swift */,
				3B6099831D1FCB6700BBA9E8 /* SecondViewController.swift */,
				3B0F393F1D4DFB5C004B0B2C /* TestTableViewController.swift */,
				3BA511011D6C924F00E7E1A0 /* TestViewController.swift */,
				3BA3CFBD1D5BA21800A1071E /* MySearchBar.swift */,
				3BA3CFBF1D5BA27D00A1071E /* MySearchController.swift */,
				3B6099881D1FCB6700BBA9E8 /* Assets.xcassets */,
				3B60998A1D1FCB6700BBA9E8 /* LaunchScreen.storyboard */,
				3B65FFE91D690FC500B27285 /* LaunchViewController.swift */,
				3B65FFEB1D69163100B27285 /* LaunchView.swift */,
				3B60998D1D1FCB6700BBA9E8 /* Info.plist */,
				3B6099AF1D1FDC0700BBA9E8 /* SearchLocationsTableViewController.swift */,
				3BF758791D26F9E300BACE00 /* ToolsTableViewController.swift */,
				3BFE73661D34FEE6003E851E /* AnnotationDetailsTableViewController.swift */,
				3BFE738E1D36C36C003E851E /* DataModel.xcdatamodeld */,
				3BFE73911D36CAB4003E851E /* CoreDataStack.swift */,
				3B36D2E71D379A6D00BACEF8 /* HudView.swift */,
			);
			path = TimeTravellerMap;
			sourceTree = "<group>";
		};
		3B6099951D1FCB6700BBA9E8 /* TimeTravellerMapTests */ = {
			isa = PBXGroup;
			children = (
				3B6099961D1FCB6700BBA9E8 /* TimeTravellerMapTests.swift */,
				3B6099981D1FCB6700BBA9E8 /* Info.plist */,
				3BC8E9FC1D61C8D5004230F4 /* AddEventTableViewControllerTests.swift */,
			);
			path = TimeTravellerMapTests;
			sourceTree = "<group>";
		};
		3B6099A01D1FCB6700BBA9E8 /* TimeTravellerMapUITests */ = {
			isa = PBXGroup;
			children = (
				3B6099A11D1FCB6700BBA9E8 /* TimeTravellerMapUITests.swift */,
				3B6099A31D1FCB6700BBA9E8 /* Info.plist */,
			);
			path = TimeTravellerMapUITests;
			sourceTree = "<group>";
		};
		3B65FFED1D6A187C00B27285 /* Main Screen */ = {
			isa = PBXGroup;
			children = (
				3B6099851D1FCB6700BBA9E8 /* Main.storyboard */,
				3B6099811D1FCB6700BBA9E8 /* MapViewController.swift */,
				3B646C7E1D5D27180039F998 /* MapsAnimationViewController.swift */,
			);
			name = "Main Screen";
			sourceTree = "<group>";
		};
		3B65FFEF1D6A5DC000B27285 /* Overlay Tab */ = {
			isa = PBXGroup;
			children = (
				3B0F39351D40DBD1004B0B2C /* Map.storyboard */,
				3B0F39371D40DED4004B0B2C /* MapsTableViewController.swift */,
				3B0F39411D4E122C004B0B2C /* MapDetailsViewController.swift */,
				3B0F393D1D46027E004B0B2C /* AddMapViewController.swift */,
				3BAAABBF1D5670950053A59D /* MapLocationViewController.swift */,
				3BA3CFB51D5898EB00A1071E /* MapDrawingViewController.swift */,
				3B0F39431D4E76A6004B0B2C /* MapViewCell.swift */,
				3B0F39451D4E7F2D004B0B2C /* UIImage+Resize.swift */,
				3B5D65451D271F2B0085D057 /* BrushSettingsViewController.swift */,
			);
			name = "Overlay Tab";
			sourceTree = "<group>";
		};
		3B69ADC11D6B0FE8007DA753 /* Annotation Tab */ = {
			isa = PBXGroup;
			children = (
				3B36D2EB1D39685D00BACEF8 /* Annotation.storyboard */,
				3BE2F78E1D65C58100C647AA /* LinkCell.swift */,
				3BC8E9FE1D64C8D9004230F4 /* LinksTableViewController.swift */,
				3BFE73931D36CD91003E851E /* EventTableViewController.swift */,
				3B36D2E51D37903D00BACEF8 /* AddEventTableViewController.swift */,
				3B36D2E91D38E09A00BACEF8 /* EventCell.swift */,
				3B36D2EE1D39755B00BACEF8 /* EventDetailsViewController.swift */,
			);
			name = "Annotation Tab";
			sourceTree = "<group>";
		};
		3BC3AE371D205ED800EF2D26 /* Model */ = {
			isa = PBXGroup;
			children = (
				3BC3AE381D205F7B00EF2D26 /* HistoryMap.swift */,
			);
			name = Model;
			sourceTree = "<group>";
		};
		3BC3AE3A1D2068EE00EF2D26 /* HistoryMap */ = {
			isa = PBXGroup;
			children = (
				3BC3AE401D212D3C00EF2D26 /* Newark1916.png */,
				3BC3AE3B1D2068FE00EF2D26 /* Newark1800.jpg */,
				3BE2F7921D664C7100C647AA /* RE-9ad.png */,
				3BE2F7931D664C7100C647AA /* RE-86bc.png */,
				3BE2F7941D664C7100C647AA /* RE-116ad.png */,
				3BE2F7951D664C7100C647AA /* RE-214bc.png */,
				3BE2F7961D664C7100C647AA /* RE-269ad.png */,
				3BE2F7971D664C7100C647AA /* RE-279bc.png */,
				3BE2F7981D664C7100C647AA /* RE-336ad.png */,
				3BE2F7991D664C7100C647AA /* RE-338bc.png */,
				3BE2F79A1D664C7100C647AA /* RE-485ad.png */,
				3BE2F79B1D664C7100C647AA /* RE-565ad.png */,
				3BE2F79C1D664C7100C647AA /* RE-623ad.png */,
				3BE2F79D1D664C7100C647AA /* RE-754ad.png */,
				3BE2F79E1D664C7100C647AA /* RE-812ad.png */,
				3BE2F79F1D664C7100C647AA /* RE-925ad.png */,
				3BE2F7A01D664C7100C647AA /* RE-1040ad.png */,
				3BE2F7A11D664C7100C647AA /* RE-1181ad.png */,
				3BE2F7A21D664C7100C647AA /* RE-1288ad.png */,
				3BE2F7A31D664C7100C647AA /* RE-1403ad.png */,
				3BE2F7A41D664C7100C647AA /* RE-1452ad.png */,
			);
			name = HistoryMap;
			sourceTree = "<group>";
		};
		3BC3AE3D1D20692A00EF2D26 /* Overlays */ = {
			isa = PBXGroup;
			children = (
				3BC3AE351D205ECE00EF2D26 /* HistoryMapOverlay.swift */,
				3BC3AE3E1D20693F00EF2D26 /* HistoryMapOverlayView.swift */,
			);
			name = Overlays;
			sourceTree = "<group>";
		};
		3BFE73951D36D619003E851E /* CoreData */ = {
			isa = PBXGroup;
			children = (
				3BC8EA001D64D773004230F4 /* Link+CoreDataProperties.swift */,
				3BC8EA011D64D773004230F4 /* Link.swift */,
				3B0F39391D40E2FA004B0B2C /* Map+CoreDataProperties.swift */,
				3B0F393A1D40E2FA004B0B2C /* Map.swift */,
				3B36D2F01D3ACA3100BACEF8 /* Event+CoreDataProperties.swift */,
				3B36D2F11D3ACA3100BACEF8 /* Event.swift */,
			);
			name = CoreData;
			sourceTree = "<group>";
		};
/* End PBXGroup section */

/* Begin PBXNativeTarget section */
		3B60997B1D1FCB6700BBA9E8 /* TimeTravellerMap */ = {
			isa = PBXNativeTarget;
			buildConfigurationList = 3B6099A61D1FCB6700BBA9E8 /* Build configuration list for PBXNativeTarget "TimeTravellerMap" */;
			buildPhases = (
				3B6099781D1FCB6700BBA9E8 /* Sources */,
				3B6099791D1FCB6700BBA9E8 /* Frameworks */,
				3B60997A1D1FCB6700BBA9E8 /* Resources */,
			);
			buildRules = (
			);
			dependencies = (
			);
			name = TimeTravellerMap;
			productName = TimeTravellerMap;
			productReference = 3B60997C1D1FCB6700BBA9E8 /* TimeTravellerMap.app */;
			productType = "com.apple.product-type.application";
		};
		3B6099911D1FCB6700BBA9E8 /* TimeTravellerMapTests */ = {
			isa = PBXNativeTarget;
			buildConfigurationList = 3B6099A91D1FCB6700BBA9E8 /* Build configuration list for PBXNativeTarget "TimeTravellerMapTests" */;
			buildPhases = (
				3B60998E1D1FCB6700BBA9E8 /* Sources */,
				3B60998F1D1FCB6700BBA9E8 /* Frameworks */,
				3B6099901D1FCB6700BBA9E8 /* Resources */,
			);
			buildRules = (
			);
			dependencies = (
				3B6099941D1FCB6700BBA9E8 /* PBXTargetDependency */,
			);
			name = TimeTravellerMapTests;
			productName = TimeTravellerMapTests;
			productReference = 3B6099921D1FCB6700BBA9E8 /* TimeTravellerMapTests.xctest */;
			productType = "com.apple.product-type.bundle.unit-test";
		};
		3B60999C1D1FCB6700BBA9E8 /* TimeTravellerMapUITests */ = {
			isa = PBXNativeTarget;
			buildConfigurationList = 3B6099AC1D1FCB6700BBA9E8 /* Build configuration list for PBXNativeTarget "TimeTravellerMapUITests" */;
			buildPhases = (
				3B6099991D1FCB6700BBA9E8 /* Sources */,
				3B60999A1D1FCB6700BBA9E8 /* Frameworks */,
				3B60999B1D1FCB6700BBA9E8 /* Resources */,
			);
			buildRules = (
			);
			dependencies = (
				3B60999F1D1FCB6700BBA9E8 /* PBXTargetDependency */,
			);
			name = TimeTravellerMapUITests;
			productName = TimeTravellerMapUITests;
			productReference = 3B60999D1D1FCB6700BBA9E8 /* TimeTravellerMapUITests.xctest */;
			productType = "com.apple.product-type.bundle.ui-testing";
		};
/* End PBXNativeTarget section */

/* Begin PBXProject section */
		3B6099741D1FCB6700BBA9E8 /* Project object */ = {
			isa = PBXProject;
			attributes = {
				LastSwiftUpdateCheck = 0730;
				LastUpgradeCheck = 0730;
				ORGANIZATIONNAME = "Lingxin Gu";
				TargetAttributes = {
					3B60997B1D1FCB6700BBA9E8 = {
						CreatedOnToolsVersion = 7.3;
						DevelopmentTeam = 766FSCE8A7;
					};
					3B6099911D1FCB6700BBA9E8 = {
						CreatedOnToolsVersion = 7.3;
						DevelopmentTeam = 766FSCE8A7;
						TestTargetID = 3B60997B1D1FCB6700BBA9E8;
					};
					3B60999C1D1FCB6700BBA9E8 = {
						CreatedOnToolsVersion = 7.3;
						DevelopmentTeam = 766FSCE8A7;
						TestTargetID = 3B60997B1D1FCB6700BBA9E8;
					};
				};
			};
			buildConfigurationList = 3B6099771D1FCB6700BBA9E8 /* Build configuration list for PBXProject "TimeTravellerMap" */;
			compatibilityVersion = "Xcode 3.2";
			developmentRegion = English;
			hasScannedForEncodings = 0;
			knownRegions = (
				en,
				Base,
			);
			mainGroup = 3B6099731D1FCB6700BBA9E8;
			productRefGroup = 3B60997D1D1FCB6700BBA9E8 /* Products */;
			projectDirPath = "";
			projectRoot = "";
			targets = (
				3B60997B1D1FCB6700BBA9E8 /* TimeTravellerMap */,
				3B6099911D1FCB6700BBA9E8 /* TimeTravellerMapTests */,
				3B60999C1D1FCB6700BBA9E8 /* TimeTravellerMapUITests */,
			);
		};
/* End PBXProject section */

/* Begin PBXResourcesBuildPhase section */
		3B60997A1D1FCB6700BBA9E8 /* Resources */ = {
			isa = PBXResourcesBuildPhase;
			buildActionMask = 2147483647;
			files = (
				3BE2F7AA1D664C7100C647AA /* RE-279bc.png in Resources */,
				3BE2F7A81D664C7100C647AA /* RE-214bc.png in Resources */,
				3BE2F7AB1D664C7100C647AA /* RE-336ad.png in Resources */,
				3BE2F7B71D664C7100C647AA /* RE-1452ad.png in Resources */,
				3BE2F7AF1D664C7100C647AA /* RE-623ad.png in Resources */,
				3BC3AE411D212D3C00EF2D26 /* Newark1916.png in Resources */,
				3BE2F7B01D664C7100C647AA /* RE-754ad.png in Resources */,
				3B0F39361D40DBD1004B0B2C /* Map.storyboard in Resources */,
				3B60998C1D1FCB6700BBA9E8 /* LaunchScreen.storyboard in Resources */,
				3BE2F7A61D664C7100C647AA /* RE-86bc.png in Resources */,
				3B6099891D1FCB6700BBA9E8 /* Assets.xcassets in Resources */,
				3BC3AE3C1D2068FE00EF2D26 /* Newark1800.jpg in Resources */,
				3BE2F7AD1D664C7100C647AA /* RE-485ad.png in Resources */,
				3BE2F7AC1D664C7100C647AA /* RE-338bc.png in Resources */,
				3BE2F7A71D664C7100C647AA /* RE-116ad.png in Resources */,
				3BE2F7AE1D664C7100C647AA /* RE-565ad.png in Resources */,
				3BE2F7B21D664C7100C647AA /* RE-925ad.png in Resources */,
				3B6099871D1FCB6700BBA9E8 /* Main.storyboard in Resources */,
				3BE2F7B41D664C7100C647AA /* RE-1181ad.png in Resources */,
				3BE2F7A91D664C7100C647AA /* RE-269ad.png in Resources */,
				3BE2F7B61D664C7100C647AA /* RE-1403ad.png in Resources */,
				3BE2F7B31D664C7100C647AA /* RE-1040ad.png in Resources */,
				3BE2F7B51D664C7100C647AA /* RE-1288ad.png in Resources */,
				3B36D2ED1D39685D00BACEF8 /* Annotation.storyboard in Resources */,
				3BE2F7A51D664C7100C647AA /* RE-9ad.png in Resources */,
				3BE2F7B11D664C7100C647AA /* RE-812ad.png in Resources */,
			);
			runOnlyForDeploymentPostprocessing = 0;
		};
		3B6099901D1FCB6700BBA9E8 /* Resources */ = {
			isa = PBXResourcesBuildPhase;
			buildActionMask = 2147483647;
			files = (
			);
			runOnlyForDeploymentPostprocessing = 0;
		};
		3B60999B1D1FCB6700BBA9E8 /* Resources */ = {
			isa = PBXResourcesBuildPhase;
			buildActionMask = 2147483647;
			files = (
			);
			runOnlyForDeploymentPostprocessing = 0;
		};
/* End PBXResourcesBuildPhase section */

/* Begin PBXSourcesBuildPhase section */
		3B6099781D1FCB6700BBA9E8 /* Sources */ = {
			isa = PBXSourcesBuildPhase;
			buildActionMask = 2147483647;
			files = (
				3BA3CFBA1D5B230500A1071E /* MyNavigationController.swift in Sources */,
				3BC8E9FF1D64C8D9004230F4 /* LinksTableViewController.swift in Sources */,
				3BA511021D6C924F00E7E1A0 /* TestViewController.swift in Sources */,
				3B6099B01D1FDC0700BBA9E8 /* SearchLocationsTableViewController.swift in Sources */,
				3BF7587A1D26F9E300BACE00 /* ToolsTableViewController.swift in Sources */,
				3BA3CFBC1D5B23FE00A1071E /* MyImagePickerController.swift in Sources */,
				3B36D2EA1D38E09A00BACEF8 /* EventCell.swift in Sources */,
				3B0F39381D40DED4004B0B2C /* MapsTableViewController.swift in Sources */,
				3B0F39421D4E122C004B0B2C /* MapDetailsViewController.swift in Sources */,
				3BFE73901D36C36C003E851E /* DataModel.xcdatamodeld in Sources */,
				3B5ABFB51D2C4C180058AEE4 /* InformationAnnotationView.swift in Sources */,
				3BFE73941D36CD91003E851E /* EventTableViewController.swift in Sources */,
				3B36D2E81D379A6D00BACEF8 /* HudView.swift in Sources */,
				3BA3CFB81D5B226800A1071E /* MyTabBarController.swift in Sources */,
				3B0F393B1D40E2FA004B0B2C /* Map+CoreDataProperties.swift in Sources */,
				3B6099841D1FCB6700BBA9E8 /* SecondViewController.swift in Sources */,
				3BC8EA031D64D773004230F4 /* Link.swift in Sources */,
				3B65FFEC1D69163100B27285 /* LaunchView.swift in Sources */,
				3B0F393E1D46027E004B0B2C /* AddMapViewController.swift in Sources */,
				3B0F393C1D40E2FA004B0B2C /* Map.swift in Sources */,
				3BC3AE361D205ECE00EF2D26 /* HistoryMapOverlay.swift in Sources */,
				3B65FFEA1D690FC500B27285 /* LaunchViewController.swift in Sources */,
				3B36D2EF1D39755B00BACEF8 /* EventDetailsViewController.swift in Sources */,
				3BA3CFBE1D5BA21800A1071E /* MySearchBar.swift in Sources */,
				3B36D2F21D3ACA3100BACEF8 /* Event+CoreDataProperties.swift in Sources */,
				3BFE73671D34FEE6003E851E /* AnnotationDetailsTableViewController.swift in Sources */,
				3BFE73921D36CAB4003E851E /* CoreDataStack.swift in Sources */,
				3BC3AE3F1D20693F00EF2D26 /* HistoryMapOverlayView.swift in Sources */,
				3B646C831D5DD0AB0039F998 /* GradientView.swift in Sources */,
				3BA3CFC01D5BA27D00A1071E /* MySearchController.swift in Sources */,
				3B5ABFB31D2C4AE50058AEE4 /* InformationAnnotation.swift in Sources */,
				3B5D65461D271F2B0085D057 /* BrushSettingsViewController.swift in Sources */,
				3BC3AE391D205F7B00EF2D26 /* HistoryMap.swift in Sources */,
				3B646C811D5D29ED0039F998 /* MyPresentationController.swift in Sources */,
				3B0F39401D4DFB5C004B0B2C /* TestTableViewController.swift in Sources */,
				3B6099801D1FCB6700BBA9E8 /* AppDelegate.swift in Sources */,
				3B0F39461D4E7F2D004B0B2C /* UIImage+Resize.swift in Sources */,
				3B36D2E61D37903D00BACEF8 /* AddEventTableViewController.swift in Sources */,
				3B0F39441D4E76A6004B0B2C /* MapViewCell.swift in Sources */,
				3BA3CFB61D5898EB00A1071E /* MapDrawingViewController.swift in Sources */,
				3B36D2F31D3ACA3100BACEF8 /* Event.swift in Sources */,
				3BC8EA021D64D773004230F4 /* Link+CoreDataProperties.swift in Sources */,
				3BAAABC01D5670950053A59D /* MapLocationViewController.swift in Sources */,
				3BE2F78F1D65C58100C647AA /* LinkCell.swift in Sources */,
				3B6099821D1FCB6700BBA9E8 /* MapViewController.swift in Sources */,
				3B646C7F1D5D27180039F998 /* MapsAnimationViewController.swift in Sources */,
			);
			runOnlyForDeploymentPostprocessing = 0;
		};
		3B60998E1D1FCB6700BBA9E8 /* Sources */ = {
			isa = PBXSourcesBuildPhase;
			buildActionMask = 2147483647;
			files = (
				3BC8E9FD1D61C8D5004230F4 /* AddEventTableViewControllerTests.swift in Sources */,
				3B6099971D1FCB6700BBA9E8 /* TimeTravellerMapTests.swift in Sources */,
			);
			runOnlyForDeploymentPostprocessing = 0;
		};
		3B6099991D1FCB6700BBA9E8 /* Sources */ = {
			isa = PBXSourcesBuildPhase;
			buildActionMask = 2147483647;
			files = (
				3B6099A21D1FCB6700BBA9E8 /* TimeTravellerMapUITests.swift in Sources */,
			);
			runOnlyForDeploymentPostprocessing = 0;
		};
/* End PBXSourcesBuildPhase section */

/* Begin PBXTargetDependency section */
		3B6099941D1FCB6700BBA9E8 /* PBXTargetDependency */ = {
			isa = PBXTargetDependency;
			target = 3B60997B1D1FCB6700BBA9E8 /* TimeTravellerMap */;
			targetProxy = 3B6099931D1FCB6700BBA9E8 /* PBXContainerItemProxy */;
		};
		3B60999F1D1FCB6700BBA9E8 /* PBXTargetDependency */ = {
			isa = PBXTargetDependency;
			target = 3B60997B1D1FCB6700BBA9E8 /* TimeTravellerMap */;
			targetProxy = 3B60999E1D1FCB6700BBA9E8 /* PBXContainerItemProxy */;
		};
/* End PBXTargetDependency section */

/* Begin PBXVariantGroup section */
		3B36D2EB1D39685D00BACEF8 /* Annotation.storyboard */ = {
			isa = PBXVariantGroup;
			children = (
				3B36D2EC1D39685D00BACEF8 /* Base */,
			);
			name = Annotation.storyboard;
			sourceTree = "<group>";
		};
		3B6099851D1FCB6700BBA9E8 /* Main.storyboard */ = {
			isa = PBXVariantGroup;
			children = (
				3B6099861D1FCB6700BBA9E8 /* Base */,
			);
			name = Main.storyboard;
			sourceTree = "<group>";
		};
		3B60998A1D1FCB6700BBA9E8 /* LaunchScreen.storyboard */ = {
			isa = PBXVariantGroup;
			children = (
				3B60998B1D1FCB6700BBA9E8 /* Base */,
			);
			name = LaunchScreen.storyboard;
			sourceTree = "<group>";
		};
/* End PBXVariantGroup section */

/* Begin XCBuildConfiguration section */
		3B6099A41D1FCB6700BBA9E8 /* Debug */ = {
			isa = XCBuildConfiguration;
			buildSettings = {
				ALWAYS_SEARCH_USER_PATHS = NO;
				CLANG_ANALYZER_NONNULL = YES;
				CLANG_CXX_LANGUAGE_STANDARD = "gnu++0x";
				CLANG_CXX_LIBRARY = "libc++";
				CLANG_ENABLE_MODULES = YES;
				CLANG_ENABLE_OBJC_ARC = YES;
				CLANG_WARN_BOOL_CONVERSION = YES;
				CLANG_WARN_CONSTANT_CONVERSION = YES;
				CLANG_WARN_DIRECT_OBJC_ISA_USAGE = YES_ERROR;
				CLANG_WARN_EMPTY_BODY = YES;
				CLANG_WARN_ENUM_CONVERSION = YES;
				CLANG_WARN_INT_CONVERSION = YES;
				CLANG_WARN_OBJC_ROOT_CLASS = YES_ERROR;
				CLANG_WARN_UNREACHABLE_CODE = YES;
				CLANG_WARN__DUPLICATE_METHOD_MATCH = YES;
				"CODE_SIGN_IDENTITY[sdk=iphoneos*]" = "iPhone Developer";
				COPY_PHASE_STRIP = NO;
				DEBUG_INFORMATION_FORMAT = dwarf;
				ENABLE_STRICT_OBJC_MSGSEND = YES;
				ENABLE_TESTABILITY = YES;
				GCC_C_LANGUAGE_STANDARD = gnu99;
				GCC_DYNAMIC_NO_PIC = NO;
				GCC_NO_COMMON_BLOCKS = YES;
				GCC_OPTIMIZATION_LEVEL = 0;
				GCC_PREPROCESSOR_DEFINITIONS = (
					"DEBUG=1",
					"$(inherited)",
				);
				GCC_WARN_64_TO_32_BIT_CONVERSION = YES;
				GCC_WARN_ABOUT_RETURN_TYPE = YES_ERROR;
				GCC_WARN_UNDECLARED_SELECTOR = YES;
				GCC_WARN_UNINITIALIZED_AUTOS = YES_AGGRESSIVE;
				GCC_WARN_UNUSED_FUNCTION = YES;
				GCC_WARN_UNUSED_VARIABLE = YES;
				IPHONEOS_DEPLOYMENT_TARGET = 9.3;
				MTL_ENABLE_DEBUG_INFO = YES;
				ONLY_ACTIVE_ARCH = YES;
				SDKROOT = iphoneos;
				SWIFT_OPTIMIZATION_LEVEL = "-Onone";
				TARGETED_DEVICE_FAMILY = "1,2";
			};
			name = Debug;
		};
		3B6099A51D1FCB6700BBA9E8 /* Release */ = {
			isa = XCBuildConfiguration;
			buildSettings = {
				ALWAYS_SEARCH_USER_PATHS = NO;
				CLANG_ANALYZER_NONNULL = YES;
				CLANG_CXX_LANGUAGE_STANDARD = "gnu++0x";
				CLANG_CXX_LIBRARY = "libc++";
				CLANG_ENABLE_MODULES = YES;
				CLANG_ENABLE_OBJC_ARC = YES;
				CLANG_WARN_BOOL_CONVERSION = YES;
				CLANG_WARN_CONSTANT_CONVERSION = YES;
				CLANG_WARN_DIRECT_OBJC_ISA_USAGE = YES_ERROR;
				CLANG_WARN_EMPTY_BODY = YES;
				CLANG_WARN_ENUM_CONVERSION = YES;
				CLANG_WARN_INT_CONVERSION = YES;
				CLANG_WARN_OBJC_ROOT_CLASS = YES_ERROR;
				CLANG_WARN_UNREACHABLE_CODE = YES;
				CLANG_WARN__DUPLICATE_METHOD_MATCH = YES;
				"CODE_SIGN_IDENTITY[sdk=iphoneos*]" = "iPhone Developer";
				COPY_PHASE_STRIP = NO;
				DEBUG_INFORMATION_FORMAT = "dwarf-with-dsym";
				ENABLE_NS_ASSERTIONS = NO;
				ENABLE_STRICT_OBJC_MSGSEND = YES;
				GCC_C_LANGUAGE_STANDARD = gnu99;
				GCC_NO_COMMON_BLOCKS = YES;
				GCC_WARN_64_TO_32_BIT_CONVERSION = YES;
				GCC_WARN_ABOUT_RETURN_TYPE = YES_ERROR;
				GCC_WARN_UNDECLARED_SELECTOR = YES;
				GCC_WARN_UNINITIALIZED_AUTOS = YES_AGGRESSIVE;
				GCC_WARN_UNUSED_FUNCTION = YES;
				GCC_WARN_UNUSED_VARIABLE = YES;
				IPHONEOS_DEPLOYMENT_TARGET = 9.3;
				MTL_ENABLE_DEBUG_INFO = NO;
				SDKROOT = iphoneos;
				TARGETED_DEVICE_FAMILY = "1,2";
				VALIDATE_PRODUCT = YES;
			};
			name = Release;
		};
		3B6099A71D1FCB6700BBA9E8 /* Debug */ = {
			isa = XCBuildConfiguration;
			buildSettings = {
				ASSETCATALOG_COMPILER_APPICON_NAME = AppIcon;
				CODE_SIGN_IDENTITY = "iPhone Developer";
				DEFINES_MODULE = YES;
				INFOPLIST_FILE = TimeTravellerMap/Info.plist;
				LD_RUNPATH_SEARCH_PATHS = "$(inherited) @executable_path/Frameworks";
				PRODUCT_BUNDLE_IDENTIFIER = com.LingxinGu.TimeTravellerMap;
				PRODUCT_NAME = "$(TARGET_NAME)";
				TARGETED_DEVICE_FAMILY = "1,2";
			};
			name = Debug;
		};
		3B6099A81D1FCB6700BBA9E8 /* Release */ = {
			isa = XCBuildConfiguration;
			buildSettings = {
				ASSETCATALOG_COMPILER_APPICON_NAME = AppIcon;
				CODE_SIGN_IDENTITY = "iPhone Developer";
				DEFINES_MODULE = YES;
				INFOPLIST_FILE = TimeTravellerMap/Info.plist;
				LD_RUNPATH_SEARCH_PATHS = "$(inherited) @executable_path/Frameworks";
				PRODUCT_BUNDLE_IDENTIFIER = com.LingxinGu.TimeTravellerMap;
				PRODUCT_NAME = "$(TARGET_NAME)";
				TARGETED_DEVICE_FAMILY = "1,2";
			};
			name = Release;
		};
		3B6099AA1D1FCB6700BBA9E8 /* Debug */ = {
			isa = XCBuildConfiguration;
			buildSettings = {
				BUNDLE_LOADER = "$(TEST_HOST)";
				INFOPLIST_FILE = TimeTravellerMapTests/Info.plist;
				LD_RUNPATH_SEARCH_PATHS = "$(inherited) @executable_path/Frameworks @loader_path/Frameworks";
				PRODUCT_BUNDLE_IDENTIFIER = com.LingxinGu.TimeTravellerMapTests;
				PRODUCT_NAME = "$(TARGET_NAME)";
				TEST_HOST = "$(BUILT_PRODUCTS_DIR)/TimeTravellerMap.app/TimeTravellerMap";
			};
			name = Debug;
		};
		3B6099AB1D1FCB6700BBA9E8 /* Release */ = {
			isa = XCBuildConfiguration;
			buildSettings = {
				BUNDLE_LOADER = "$(TEST_HOST)";
				INFOPLIST_FILE = TimeTravellerMapTests/Info.plist;
				LD_RUNPATH_SEARCH_PATHS = "$(inherited) @executable_path/Frameworks @loader_path/Frameworks";
				PRODUCT_BUNDLE_IDENTIFIER = com.LingxinGu.TimeTravellerMapTests;
				PRODUCT_NAME = "$(TARGET_NAME)";
				TEST_HOST = "$(BUILT_PRODUCTS_DIR)/TimeTravellerMap.app/TimeTravellerMap";
			};
			name = Release;
		};
		3B6099AD1D1FCB6700BBA9E8 /* Debug */ = {
			isa = XCBuildConfiguration;
			buildSettings = {
				INFOPLIST_FILE = TimeTravellerMapUITests/Info.plist;
				LD_RUNPATH_SEARCH_PATHS = "$(inherited) @executable_path/Frameworks @loader_path/Frameworks";
				PRODUCT_BUNDLE_IDENTIFIER = com.LingxinGu.TimeTravellerMapUITests;
				PRODUCT_NAME = "$(TARGET_NAME)";
				TEST_TARGET_NAME = TimeTravellerMap;
			};
			name = Debug;
		};
		3B6099AE1D1FCB6700BBA9E8 /* Release */ = {
			isa = XCBuildConfiguration;
			buildSettings = {
				INFOPLIST_FILE = TimeTravellerMapUITests/Info.plist;
				LD_RUNPATH_SEARCH_PATHS = "$(inherited) @executable_path/Frameworks @loader_path/Frameworks";
				PRODUCT_BUNDLE_IDENTIFIER = com.LingxinGu.TimeTravellerMapUITests;
				PRODUCT_NAME = "$(TARGET_NAME)";
				TEST_TARGET_NAME = TimeTravellerMap;
			};
			name = Release;
		};
/* End XCBuildConfiguration section */

/* Begin XCConfigurationList section */
		3B6099771D1FCB6700BBA9E8 /* Build configuration list for PBXProject "TimeTravellerMap" */ = {
			isa = XCConfigurationList;
			buildConfigurations = (
				3B6099A41D1FCB6700BBA9E8 /* Debug */,
				3B6099A51D1FCB6700BBA9E8 /* Release */,
			);
			defaultConfigurationIsVisible = 0;
			defaultConfigurationName = Release;
		};
		3B6099A61D1FCB6700BBA9E8 /* Build configuration list for PBXNativeTarget "TimeTravellerMap" */ = {
			isa = XCConfigurationList;
			buildConfigurations = (
				3B6099A71D1FCB6700BBA9E8 /* Debug */,
				3B6099A81D1FCB6700BBA9E8 /* Release */,
			);
			defaultConfigurationIsVisible = 0;
			defaultConfigurationName = Release;
		};
		3B6099A91D1FCB6700BBA9E8 /* Build configuration list for PBXNativeTarget "TimeTravellerMapTests" */ = {
			isa = XCConfigurationList;
			buildConfigurations = (
				3B6099AA1D1FCB6700BBA9E8 /* Debug */,
				3B6099AB1D1FCB6700BBA9E8 /* Release */,
			);
			defaultConfigurationIsVisible = 0;
			defaultConfigurationName = Release;
		};
		3B6099AC1D1FCB6700BBA9E8 /* Build configuration list for PBXNativeTarget "TimeTravellerMapUITests" */ = {
			isa = XCConfigurationList;
			buildConfigurations = (
				3B6099AD1D1FCB6700BBA9E8 /* Debug */,
				3B6099AE1D1FCB6700BBA9E8 /* Release */,
			);
			defaultConfigurationIsVisible = 0;
			defaultConfigurationName = Release;
		};
/* End XCConfigurationList section */

/* Begin XCVersionGroup section */
		3BFE738E1D36C36C003E851E /* DataModel.xcdatamodeld */ = {
			isa = XCVersionGroup;
			children = (
				3BFE738F1D36C36C003E851E /* DataModel.xcdatamodel */,
			);
			currentVersion = 3BFE738F1D36C36C003E851E /* DataModel.xcdatamodel */;
			path = DataModel.xcdatamodeld;
			sourceTree = "<group>";
			versionGroupType = wrapper.xcdatamodel;
		};
/* End XCVersionGroup section */
	};
	rootObject = 3B6099741D1FCB6700BBA9E8 /* Project object */;
}
